// !$*UTF8*$!
{
	archiveVersion = 1;
	classes = {
	};
	objectVersion = 46;
	objects = {

/* Begin PBXBuildFile section */
		51AE32D71F677A7F00D7CCA1 /* main.m in Sources */ = {isa = PBXBuildFile; fileRef = 51AE32D61F677A7F00D7CCA1 /* main.m */; };
		51AE32DA1F677A7F00D7CCA1 /* AppDelegate.m in Sources */ = {isa = PBXBuildFile; fileRef = 51AE32D91F677A7F00D7CCA1 /* AppDelegate.m */; };
		51AE32DD1F677A7F00D7CCA1 /* ViewController.m in Sources */ = {isa = PBXBuildFile; fileRef = 51AE32DC1F677A7F00D7CCA1 /* ViewController.m */; };
		51AE32E01F677A7F00D7CCA1 /* Main.storyboard in Resources */ = {isa = PBXBuildFile; fileRef = 51AE32DE1F677A7F00D7CCA1 /* Main.storyboard */; };
		51AE32E21F677A7F00D7CCA1 /* Assets.xcassets in Resources */ = {isa = PBXBuildFile; fileRef = 51AE32E11F677A7F00D7CCA1 /* Assets.xcassets */; };
		51AE32E51F677A7F00D7CCA1 /* LaunchScreen.storyboard in Resources */ = {isa = PBXBuildFile; fileRef = 51AE32E31F677A7F00D7CCA1 /* LaunchScreen.storyboard */; };
		51AE32F01F677A7F00D7CCA1 /* Fx_WeiBoTests.m in Sources */ = {isa = PBXBuildFile; fileRef = 51AE32EF1F677A7F00D7CCA1 /* Fx_WeiBoTests.m */; };
		51AE32FB1F677A7F00D7CCA1 /* Fx_WeiBoUITests.m in Sources */ = {isa = PBXBuildFile; fileRef = 51AE32FA1F677A7F00D7CCA1 /* Fx_WeiBoUITests.m */; };
		51AE33131F677B1F00D7CCA1 /* FXDiscoverViewController.m in Sources */ = {isa = PBXBuildFile; fileRef = 51AE330A1F677B1F00D7CCA1 /* FXDiscoverViewController.m */; };
		51AE33141F677B1F00D7CCA1 /* FXHomeViewController.m in Sources */ = {isa = PBXBuildFile; fileRef = 51AE330C1F677B1F00D7CCA1 /* FXHomeViewController.m */; };
		51AE33151F677B1F00D7CCA1 /* FXMessageViewController.m in Sources */ = {isa = PBXBuildFile; fileRef = 51AE330E1F677B1F00D7CCA1 /* FXMessageViewController.m */; };
		51AE33161F677B1F00D7CCA1 /* FXProfileViewController.m in Sources */ = {isa = PBXBuildFile; fileRef = 51AE33101F677B1F00D7CCA1 /* FXProfileViewController.m */; };
		51AE33171F677B1F00D7CCA1 /* FXTaBarController.m in Sources */ = {isa = PBXBuildFile; fileRef = 51AE33121F677B1F00D7CCA1 /* FXTaBarController.m */; };
/* End PBXBuildFile section */

/* Begin PBXContainerItemProxy section */
		51AE32EC1F677A7F00D7CCA1 /* PBXContainerItemProxy */ = {
			isa = PBXContainerItemProxy;
			containerPortal = 51AE32CA1F677A7F00D7CCA1 /* Project object */;
			proxyType = 1;
			remoteGlobalIDString = 51AE32D11F677A7F00D7CCA1;
			remoteInfo = Fx_WeiBo;
		};
		51AE32F71F677A7F00D7CCA1 /* PBXContainerItemProxy */ = {
			isa = PBXContainerItemProxy;
			containerPortal = 51AE32CA1F677A7F00D7CCA1 /* Project object */;
			proxyType = 1;
			remoteGlobalIDString = 51AE32D11F677A7F00D7CCA1;
			remoteInfo = Fx_WeiBo;
		};
/* End PBXContainerItemProxy section */

/* Begin PBXFileReference section */
		51AE32D21F677A7F00D7CCA1 /* Fx_WeiBo.app */ = {isa = PBXFileReference; explicitFileType = wrapper.application; includeInIndex = 0; path = Fx_WeiBo.app; sourceTree = BUILT_PRODUCTS_DIR; };
		51AE32D61F677A7F00D7CCA1 /* main.m */ = {isa = PBXFileReference; lastKnownFileType = sourcecode.c.objc; path = main.m; sourceTree = "<group>"; };
		51AE32D81F677A7F00D7CCA1 /* AppDelegate.h */ = {isa = PBXFileReference; lastKnownFileType = sourcecode.c.h; path = AppDelegate.h; sourceTree = "<group>"; };
		51AE32D91F677A7F00D7CCA1 /* AppDelegate.m */ = {isa = PBXFileReference; lastKnownFileType = sourcecode.c.objc; path = AppDelegate.m; sourceTree = "<group>"; };
		51AE32DB1F677A7F00D7CCA1 /* ViewController.h */ = {isa = PBXFileReference; lastKnownFileType = sourcecode.c.h; path = ViewController.h; sourceTree = "<group>"; };
		51AE32DC1F677A7F00D7CCA1 /* ViewController.m */ = {isa = PBXFileReference; lastKnownFileType = sourcecode.c.objc; path = ViewController.m; sourceTree = "<group>"; };
		51AE32DF1F677A7F00D7CCA1 /* Base */ = {isa = PBXFileReference; lastKnownFileType = file.storyboard; name = Base; path = Base.lproj/Main.storyboard; sourceTree = "<group>"; };
		51AE32E11F677A7F00D7CCA1 /* Assets.xcassets */ = {isa = PBXFileReference; lastKnownFileType = folder.assetcatalog; path = Assets.xcassets; sourceTree = "<group>"; };
		51AE32E41F677A7F00D7CCA1 /* Base */ = {isa = PBXFileReference; lastKnownFileType = file.storyboard; name = Base; path = Base.lproj/LaunchScreen.storyboard; sourceTree = "<group>"; };
		51AE32E61F677A7F00D7CCA1 /* Info.plist */ = {isa = PBXFileReference; lastKnownFileType = text.plist.xml; path = Info.plist; sourceTree = "<group>"; };
		51AE32EB1F677A7F00D7CCA1 /* Fx_WeiBoTests.xctest */ = {isa = PBXFileReference; explicitFileType = wrapper.cfbundle; includeInIndex = 0; path = Fx_WeiBoTests.xctest; sourceTree = BUILT_PRODUCTS_DIR; };
		51AE32EF1F677A7F00D7CCA1 /* Fx_WeiBoTests.m */ = {isa = PBXFileReference; lastKnownFileType = sourcecode.c.objc; path = Fx_WeiBoTests.m; sourceTree = "<group>"; };
		51AE32F11F677A7F00D7CCA1 /* Info.plist */ = {isa = PBXFileReference; lastKnownFileType = text.plist.xml; path = Info.plist; sourceTree = "<group>"; };
		51AE32F61F677A7F00D7CCA1 /* Fx_WeiBoUITests.xctest */ = {isa = PBXFileReference; explicitFileType = wrapper.cfbundle; includeInIndex = 0; path = Fx_WeiBoUITests.xctest; sourceTree = BUILT_PRODUCTS_DIR; };
		51AE32FA1F677A7F00D7CCA1 /* Fx_WeiBoUITests.m */ = {isa = PBXFileReference; lastKnownFileType = sourcecode.c.objc; path = Fx_WeiBoUITests.m; sourceTree = "<group>"; };
		51AE32FC1F677A7F00D7CCA1 /* Info.plist */ = {isa = PBXFileReference; lastKnownFileType = text.plist.xml; path = Info.plist; sourceTree = "<group>"; };
		51AE33091F677B1F00D7CCA1 /* FXDiscoverViewController.h */ = {isa = PBXFileReference; fileEncoding = 4; lastKnownFileType = sourcecode.c.h; path = FXDiscoverViewController.h; sourceTree = "<group>"; };
		51AE330A1F677B1F00D7CCA1 /* FXDiscoverViewController.m */ = {isa = PBXFileReference; fileEncoding = 4; lastKnownFileType = sourcecode.c.objc; path = FXDiscoverViewController.m; sourceTree = "<group>"; };
		51AE330B1F677B1F00D7CCA1 /* FXHomeViewController.h */ = {isa = PBXFileReference; fileEncoding = 4; lastKnownFileType = sourcecode.c.h; path = FXHomeViewController.h; sourceTree = "<group>"; };
		51AE330C1F677B1F00D7CCA1 /* FXHomeViewController.m */ = {isa = PBXFileReference; fileEncoding = 4; lastKnownFileType = sourcecode.c.objc; path = FXHomeViewController.m; sourceTree = "<group>"; };
		51AE330D1F677B1F00D7CCA1 /* FXMessageViewController.h */ = {isa = PBXFileReference; fileEncoding = 4; lastKnownFileType = sourcecode.c.h; path = FXMessageViewController.h; sourceTree = "<group>"; };
		51AE330E1F677B1F00D7CCA1 /* FXMessageViewController.m */ = {isa = PBXFileReference; fileEncoding = 4; lastKnownFileType = sourcecode.c.objc; path = FXMessageViewController.m; sourceTree = "<group>"; };
		51AE330F1F677B1F00D7CCA1 /* FXProfileViewController.h */ = {isa = PBXFileReference; fileEncoding = 4; lastKnownFileType = sourcecode.c.h; path = FXProfileViewController.h; sourceTree = "<group>"; };
		51AE33101F677B1F00D7CCA1 /* FXProfileViewController.m */ = {isa = PBXFileReference; fileEncoding = 4; lastKnownFileType = sourcecode.c.objc; path = FXProfileViewController.m; sourceTree = "<group>"; };
		51AE33111F677B1F00D7CCA1 /* FXTaBarController.h */ = {isa = PBXFileReference; fileEncoding = 4; lastKnownFileType = sourcecode.c.h; path = FXTaBarController.h; sourceTree = "<group>"; };
		51AE33121F677B1F00D7CCA1 /* FXTaBarController.m */ = {isa = PBXFileReference; fileEncoding = 4; lastKnownFileType = sourcecode.c.objc; path = FXTaBarController.m; sourceTree = "<group>"; };
/* End PBXFileReference section */

/* Begin PBXFrameworksBuildPhase section */
		51AE32CF1F677A7F00D7CCA1 /* Frameworks */ = {
			isa = PBXFrameworksBuildPhase;
			buildActionMask = 2147483647;
			files = (
			);
			runOnlyForDeploymentPostprocessing = 0;
		};
		51AE32E81F677A7F00D7CCA1 /* Frameworks */ = {
			isa = PBXFrameworksBuildPhase;
			buildActionMask = 2147483647;
			files = (
			);
			runOnlyForDeploymentPostprocessing = 0;
		};
		51AE32F31F677A7F00D7CCA1 /* Frameworks */ = {
			isa = PBXFrameworksBuildPhase;
			buildActionMask = 2147483647;
			files = (
			);
			runOnlyForDeploymentPostprocessing = 0;
		};
/* End PBXFrameworksBuildPhase section */

/* Begin PBXGroup section */
		51AE32C91F677A7F00D7CCA1 = {
			isa = PBXGroup;
			children = (
				51AE32D41F677A7F00D7CCA1 /* Fx_WeiBo */,
				51AE32EE1F677A7F00D7CCA1 /* Fx_WeiBoTests */,
				51AE32F91F677A7F00D7CCA1 /* Fx_WeiBoUITests */,
				51AE32D31F677A7F00D7CCA1 /* Products */,
			);
			sourceTree = "<group>";
		};
		51AE32D31F677A7F00D7CCA1 /* Products */ = {
			isa = PBXGroup;
			children = (
				51AE32D21F677A7F00D7CCA1 /* Fx_WeiBo.app */,
				51AE32EB1F677A7F00D7CCA1 /* Fx_WeiBoTests.xctest */,
				51AE32F61F677A7F00D7CCA1 /* Fx_WeiBoUITests.xctest */,
			);
			name = Products;
			sourceTree = "<group>";
		};
		51AE32D41F677A7F00D7CCA1 /* Fx_WeiBo */ = {
			isa = PBXGroup;
			children = (
				51AE33081F677B1F00D7CCA1 /* class */,
				51AE32D81F677A7F00D7CCA1 /* AppDelegate.h */,
				51AE32D91F677A7F00D7CCA1 /* AppDelegate.m */,
				51AE32DB1F677A7F00D7CCA1 /* ViewController.h */,
				51AE32DC1F677A7F00D7CCA1 /* ViewController.m */,
				51AE32DE1F677A7F00D7CCA1 /* Main.storyboard */,
				51AE32E11F677A7F00D7CCA1 /* Assets.xcassets */,
				51AE32E31F677A7F00D7CCA1 /* LaunchScreen.storyboard */,
				51AE32E61F677A7F00D7CCA1 /* Info.plist */,
				51AE32D51F677A7F00D7CCA1 /* Supporting Files */,
			);
			path = Fx_WeiBo;
			sourceTree = "<group>";
		};
		51AE32D51F677A7F00D7CCA1 /* Supporting Files */ = {
			isa = PBXGroup;
			children = (
				51AE32D61F677A7F00D7CCA1 /* main.m */,
			);
			name = "Supporting Files";
			sourceTree = "<group>";
		};
		51AE32EE1F677A7F00D7CCA1 /* Fx_WeiBoTests */ = {
			isa = PBXGroup;
			children = (
				51AE32EF1F677A7F00D7CCA1 /* Fx_WeiBoTests.m */,
				51AE32F11F677A7F00D7CCA1 /* Info.plist */,
			);
			path = Fx_WeiBoTests;
			sourceTree = "<group>";
		};
		51AE32F91F677A7F00D7CCA1 /* Fx_WeiBoUITests */ = {
			isa = PBXGroup;
			children = (
				51AE32FA1F677A7F00D7CCA1 /* Fx_WeiBoUITests.m */,
				51AE32FC1F677A7F00D7CCA1 /* Info.plist */,
			);
			path = Fx_WeiBoUITests;
			sourceTree = "<group>";
		};
		51AE33081F677B1F00D7CCA1 /* class */ = {
			isa = PBXGroup;
			children = (
				51AE33091F677B1F00D7CCA1 /* FXDiscoverViewController.h */,
				51AE330A1F677B1F00D7CCA1 /* FXDiscoverViewController.m */,
				51AE330B1F677B1F00D7CCA1 /* FXHomeViewController.h */,
				51AE330C1F677B1F00D7CCA1 /* FXHomeViewController.m */,
				51AE330D1F677B1F00D7CCA1 /* FXMessageViewController.h */,
				51AE330E1F677B1F00D7CCA1 /* FXMessageViewController.m */,
				51AE330F1F677B1F00D7CCA1 /* FXProfileViewController.h */,
				51AE33101F677B1F00D7CCA1 /* FXProfileViewController.m */,
				51AE33111F677B1F00D7CCA1 /* FXTaBarController.h */,
				51AE33121F677B1F00D7CCA1 /* FXTaBarController.m */,
			);
			path = class;
			sourceTree = "<group>";
		};
/* End PBXGroup section */

/* Begin PBXNativeTarget section */
		51AE32D11F677A7F00D7CCA1 /* Fx_WeiBo */ = {
			isa = PBXNativeTarget;
			buildConfigurationList = 51AE32FF1F677A7F00D7CCA1 /* Build configuration list for PBXNativeTarget "Fx_WeiBo" */;
			buildPhases = (
				51AE32CE1F677A7F00D7CCA1 /* Sources */,
				51AE32CF1F677A7F00D7CCA1 /* Frameworks */,
				51AE32D01F677A7F00D7CCA1 /* Resources */,
			);
			buildRules = (
			);
			dependencies = (
			);
			name = Fx_WeiBo;
			productName = Fx_WeiBo;
			productReference = 51AE32D21F677A7F00D7CCA1 /* Fx_WeiBo.app */;
			productType = "com.apple.product-type.application";
		};
		51AE32EA1F677A7F00D7CCA1 /* Fx_WeiBoTests */ = {
			isa = PBXNativeTarget;
			buildConfigurationList = 51AE33021F677A7F00D7CCA1 /* Build configuration list for PBXNativeTarget "Fx_WeiBoTests" */;
			buildPhases = (
				51AE32E71F677A7F00D7CCA1 /* Sources */,
				51AE32E81F677A7F00D7CCA1 /* Frameworks */,
				51AE32E91F677A7F00D7CCA1 /* Resources */,
			);
			buildRules = (
			);
			dependencies = (
				51AE32ED1F677A7F00D7CCA1 /* PBXTargetDependency */,
			);
			name = Fx_WeiBoTests;
			productName = Fx_WeiBoTests;
			productReference = 51AE32EB1F677A7F00D7CCA1 /* Fx_WeiBoTests.xctest */;
			productType = "com.apple.product-type.bundle.unit-test";
		};
		51AE32F51F677A7F00D7CCA1 /* Fx_WeiBoUITests */ = {
			isa = PBXNativeTarget;
			buildConfigurationList = 51AE33051F677A7F00D7CCA1 /* Build configuration list for PBXNativeTarget "Fx_WeiBoUITests" */;
			buildPhases = (
				51AE32F21F677A7F00D7CCA1 /* Sources */,
				51AE32F31F677A7F00D7CCA1 /* Frameworks */,
				51AE32F41F677A7F00D7CCA1 /* Resources */,
			);
			buildRules = (
			);
			dependencies = (
				51AE32F81F677A7F00D7CCA1 /* PBXTargetDependency */,
			);
			name = Fx_WeiBoUITests;
			productName = Fx_WeiBoUITests;
			productReference = 51AE32F61F677A7F00D7CCA1 /* Fx_WeiBoUITests.xctest */;
			productType = "com.apple.product-type.bundle.ui-testing";
		};
/* End PBXNativeTarget section */

/* Begin PBXProject section */
		51AE32CA1F677A7F00D7CCA1 /* Project object */ = {
			isa = PBXProject;
			attributes = {
				LastUpgradeCheck = 0830;
				ORGANIZATIONNAME = FX;
				TargetAttributes = {
					51AE32D11F677A7F00D7CCA1 = {
						CreatedOnToolsVersion = 8.3.3;
						ProvisioningStyle = Automatic;
					};
					51AE32EA1F677A7F00D7CCA1 = {
						CreatedOnToolsVersion = 8.3.3;
						ProvisioningStyle = Automatic;
						TestTargetID = 51AE32D11F677A7F00D7CCA1;
					};
					51AE32F51F677A7F00D7CCA1 = {
						CreatedOnToolsVersion = 8.3.3;
						ProvisioningStyle = Automatic;
						TestTargetID = 51AE32D11F677A7F00D7CCA1;
					};
				};
			};
			buildConfigurationList = 51AE32CD1F677A7F00D7CCA1 /* Build configuration list for PBXProject "Fx_WeiBo" */;
			compatibilityVersion = "Xcode 3.2";
			developmentRegion = English;
			hasScannedForEncodings = 0;
			knownRegions = (
				en,
				Base,
			);
			mainGroup = 51AE32C91F677A7F00D7CCA1;
			productRefGroup = 51AE32D31F677A7F00D7CCA1 /* Products */;
			projectDirPath = "";
			projectRoot = "";
			targets = (
				51AE32D11F677A7F00D7CCA1 /* Fx_WeiBo */,
				51AE32EA1F677A7F00D7CCA1 /* Fx_WeiBoTests */,
				51AE32F51F677A7F00D7CCA1 /* Fx_WeiBoUITests */,
			);
		};
/* End PBXProject section */

/* Begin PBXResourcesBuildPhase section */
		51AE32D01F677A7F00D7CCA1 /* Resources */ = {
			isa = PBXResourcesBuildPhase;
			buildActionMask = 2147483647;
			files = (
				51AE32E51F677A7F00D7CCA1 /* LaunchScreen.storyboard in Resources */,
				51AE32E21F677A7F00D7CCA1 /* Assets.xcassets in Resources */,
				51AE32E01F677A7F00D7CCA1 /* Main.storyboard in Resources */,
			);
			runOnlyForDeploymentPostprocessing = 0;
		};
		51AE32E91F677A7F00D7CCA1 /* Resources */ = {
			isa = PBXResourcesBuildPhase;
			buildActionMask = 2147483647;
			files = (
			);
			runOnlyForDeploymentPostprocessing = 0;
		};
		51AE32F41F677A7F00D7CCA1 /* Resources */ = {
			isa = PBXResourcesBuildPhase;
			buildActionMask = 2147483647;
			files = (
			);
			runOnlyForDeploymentPostprocessing = 0;
		};
/* End PBXResourcesBuildPhase section */

/* Begin PBXSourcesBuildPhase section */
		51AE32CE1F677A7F00D7CCA1 /* Sources */ = {
			isa = PBXSourcesBuildPhase;
			buildActionMask = 2147483647;
			files = (
				51AE32DD1F677A7F00D7CCA1 /* ViewController.m in Sources */,
				51AE33131F677B1F00D7CCA1 /* FXDiscoverViewController.m in Sources */,
				51AE33171F677B1F00D7CCA1 /* FXTaBarController.m in Sources */,
				51AE33151F677B1F00D7CCA1 /* FXMessageViewController.m in Sources */,
				51AE33141F677B1F00D7CCA1 /* FXHomeViewController.m in Sources */,
				51AE32DA1F677A7F00D7CCA1 /* AppDelegate.m in Sources */,
				51AE33161F677B1F00D7CCA1 /* FXProfileViewController.m in Sources */,
				51AE32D71F677A7F00D7CCA1 /* main.m in Sources */,
			);
			runOnlyForDeploymentPostprocessing = 0;
		};
		51AE32E71F677A7F00D7CCA1 /* Sources */ = {
			isa = PBXSourcesBuildPhase;
			buildActionMask = 2147483647;
			files = (
				51AE32F01F677A7F00D7CCA1 /* Fx_WeiBoTests.m in Sources */,
			);
			runOnlyForDeploymentPostprocessing = 0;
		};
		51AE32F21F677A7F00D7CCA1 /* Sources */ = {
			isa = PBXSourcesBuildPhase;
			buildActionMask = 2147483647;
			files = (
				51AE32FB1F677A7F00D7CCA1 /* Fx_WeiBoUITests.m in Sources */,
			);
			runOnlyForDeploymentPostprocessing = 0;
		};
/* End PBXSourcesBuildPhase section */

/* Begin PBXTargetDependency section */
		51AE32ED1F677A7F00D7CCA1 /* PBXTargetDependency */ = {
			isa = PBXTargetDependency;
			target = 51AE32D11F677A7F00D7CCA1 /* Fx_WeiBo */;
			targetProxy = 51AE32EC1F677A7F00D7CCA1 /* PBXContainerItemProxy */;
		};
		51AE32F81F677A7F00D7CCA1 /* PBXTargetDependency */ = {
			isa = PBXTargetDependency;
			target = 51AE32D11F677A7F00D7CCA1 /* Fx_WeiBo */;
			targetProxy = 51AE32F71F677A7F00D7CCA1 /* PBXContainerItemProxy */;
		};
/* End PBXTargetDependency section */

/* Begin PBXVariantGroup section */
		51AE32DE1F677A7F00D7CCA1 /* Main.storyboard */ = {
			isa = PBXVariantGroup;
			children = (
				51AE32DF1F677A7F00D7CCA1 /* Base */,
			);
			name = Main.storyboard;
			sourceTree = "<group>";
		};
		51AE32E31F677A7F00D7CCA1 /* LaunchScreen.storyboard */ = {
			isa = PBXVariantGroup;
			children = (
				51AE32E41F677A7F00D7CCA1 /* Base */,
			);
			name = LaunchScreen.storyboard;
			sourceTree = "<group>";
		};
/* End PBXVariantGroup section */

/* Begin XCBuildConfiguration section */
		51AE32FD1F677A7F00D7CCA1 /* Debug */ = {
			isa = XCBuildConfiguration;
			buildSettings = {
				ALWAYS_SEARCH_USER_PATHS = NO;
				CLANG_ANALYZER_NONNULL = YES;
				CLANG_ANALYZER_NUMBER_OBJECT_CONVERSION = YES_AGGRESSIVE;
				CLANG_CXX_LANGUAGE_STANDARD = "gnu++0x";
				CLANG_CXX_LIBRARY = "libc++";
				CLANG_ENABLE_MODULES = YES;
				CLANG_ENABLE_OBJC_ARC = YES;
				CLANG_WARN_BOOL_CONVERSION = YES;
				CLANG_WARN_CONSTANT_CONVERSION = YES;
				CLANG_WARN_DIRECT_OBJC_ISA_USAGE = YES_ERROR;
				CLANG_WARN_DOCUMENTATION_COMMENTS = YES;
				CLANG_WARN_EMPTY_BODY = YES;
				CLANG_WARN_ENUM_CONVERSION = YES;
				CLANG_WARN_INFINITE_RECURSION = YES;
				CLANG_WARN_INT_CONVERSION = YES;
				CLANG_WARN_OBJC_ROOT_CLASS = YES_ERROR;
				CLANG_WARN_SUSPICIOUS_MOVE = YES;
				CLANG_WARN_UNREACHABLE_CODE = YES;
				CLANG_WARN__DUPLICATE_METHOD_MATCH = YES;
				"CODE_SIGN_IDENTITY[sdk=iphoneos*]" = "iPhone Developer";
				COPY_PHASE_STRIP = NO;
				DEBUG_INFORMATION_FORMAT = dwarf;
				ENABLE_STRICT_OBJC_MSGSEND = YES;
				ENABLE_TESTABILITY = YES;
				GCC_C_LANGUAGE_STANDARD = gnu99;
				GCC_DYNAMIC_NO_PIC = NO;
				GCC_NO_COMMON_BLOCKS = YES;
				GCC_OPTIMIZATION_LEVEL = 0;
				GCC_PREPROCESSOR_DEFINITIONS = (
					"DEBUG=1",
					"$(inherited)",
				);
				GCC_WARN_64_TO_32_BIT_CONVERSION = YES;
				GCC_WARN_ABOUT_RETURN_TYPE = YES_ERROR;
				GCC_WARN_UNDECLARED_SELECTOR = YES;
				GCC_WARN_UNINITIALIZED_AUTOS = YES_AGGRESSIVE;
				GCC_WARN_UNUSED_FUNCTION = YES;
				GCC_WARN_UNUSED_VARIABLE = YES;
				IPHONEOS_DEPLOYMENT_TARGET = 10.3;
				MTL_ENABLE_DEBUG_INFO = YES;
				ONLY_ACTIVE_ARCH = YES;
				SDKROOT = iphoneos;
			};
			name = Debug;
		};
		51AE32FE1F677A7F00D7CCA1 /* Release */ = {
			isa = XCBuildConfiguration;
			buildSettings = {
				ALWAYS_SEARCH_USER_PATHS = NO;
				CLANG_ANALYZER_NONNULL = YES;
				CLANG_ANALYZER_NUMBER_OBJECT_CONVERSION = YES_AGGRESSIVE;
				CLANG_CXX_LANGUAGE_STANDARD = "gnu++0x";
				CLANG_CXX_LIBRARY = "libc++";
				CLANG_ENABLE_MODULES = YES;
				CLANG_ENABLE_OBJC_ARC = YES;
				CLANG_WARN_BOOL_CONVERSION = YES;
				CLANG_WARN_CONSTANT_CONVERSION = YES;
				CLANG_WARN_DIRECT_OBJC_ISA_USAGE = YES_ERROR;
				CLANG_WARN_DOCUMENTATION_COMMENTS = YES;
				CLANG_WARN_EMPTY_BODY = YES;
				CLANG_WARN_ENUM_CONVERSION = YES;
				CLANG_WARN_INFINITE_RECURSION = YES;
				CLANG_WARN_INT_CONVERSION = YES;
				CLANG_WARN_OBJC_ROOT_CLASS = YES_ERROR;
				CLANG_WARN_SUSPICIOUS_MOVE = YES;
				CLANG_WARN_UNREACHABLE_CODE = YES;
				CLANG_WARN__DUPLICATE_METHOD_MATCH = YES;
				"CODE_SIGN_IDENTITY[sdk=iphoneos*]" = "iPhone Developer";
				COPY_PHASE_STRIP = NO;
				DEBUG_INFORMATION_FORMAT = "dwarf-with-dsym";
				ENABLE_NS_ASSERTIONS = NO;
				ENABLE_STRICT_OBJC_MSGSEND = YES;
				GCC_C_LANGUAGE_STANDARD = gnu99;
				GCC_NO_COMMON_BLOCKS = YES;
				GCC_WARN_64_TO_32_BIT_CONVERSION = YES;
				GCC_WARN_ABOUT_RETURN_TYPE = YES_ERROR;
				GCC_WARN_UNDECLARED_SELECTOR = YES;
				GCC_WARN_UNINITIALIZED_AUTOS = YES_AGGRESSIVE;
				GCC_WARN_UNUSED_FUNCTION = YES;
				GCC_WARN_UNUSED_VARIABLE = YES;
				IPHONEOS_DEPLOYMENT_TARGET = 10.3;
				MTL_ENABLE_DEBUG_INFO = NO;
				SDKROOT = iphoneos;
				VALIDATE_PRODUCT = YES;
			};
			name = Release;
		};
		51AE33001F677A7F00D7CCA1 /* Debug */ = {
			isa = XCBuildConfiguration;
			buildSettings = {
				ASSETCATALOG_COMPILER_APPICON_NAME = AppIcon;
				INFOPLIST_FILE = Fx_WeiBo/Info.plist;
				LD_RUNPATH_SEARCH_PATHS = "$(inherited) @executable_path/Frameworks";
				PRODUCT_BUNDLE_IDENTIFIER = "-66666.Fx-WeiBo";
				PRODUCT_NAME = "$(TARGET_NAME)";
			};
			name = Debug;
		};
		51AE33011F677A7F00D7CCA1 /* Release */ = {
			isa = XCBuildConfiguration;
			buildSettings = {
				ASSETCATALOG_COMPILER_APPICON_NAME = AppIcon;
				INFOPLIST_FILE = Fx_WeiBo/Info.plist;
				LD_RUNPATH_SEARCH_PATHS = "$(inherited) @executable_path/Frameworks";
				PRODUCT_BUNDLE_IDENTIFIER = "-66666.Fx-WeiBo";
				PRODUCT_NAME = "$(TARGET_NAME)";
			};
			name = Release;
		};
		51AE33031F677A7F00D7CCA1 /* Debug */ = {
			isa = XCBuildConfiguration;
			buildSettings = {
				BUNDLE_LOADER = "$(TEST_HOST)";
				INFOPLIST_FILE = Fx_WeiBoTests/Info.plist;
				LD_RUNPATH_SEARCH_PATHS = "$(inherited) @executable_path/Frameworks @loader_path/Frameworks";
				PRODUCT_BUNDLE_IDENTIFIER = "-66666.Fx-WeiBoTests";
				PRODUCT_NAME = "$(TARGET_NAME)";
				TEST_HOST = "$(BUILT_PRODUCTS_DIR)/Fx_WeiBo.app/Fx_WeiBo";
			};
			name = Debug;
		};
		51AE33041F677A7F00D7CCA1 /* Release */ = {
			isa = XCBuildConfiguration;
			buildSettings = {
				BUNDLE_LOADER = "$(TEST_HOST)";
				INFOPLIST_FILE = Fx_WeiBoTests/Info.plist;
				LD_RUNPATH_SEARCH_PATHS = "$(inherited) @executable_path/Frameworks @loader_path/Frameworks";
				PRODUCT_BUNDLE_IDENTIFIER = "-66666.Fx-WeiBoTests";
				PRODUCT_NAME = "$(TARGET_NAME)";
				TEST_HOST = "$(BUILT_PRODUCTS_DIR)/Fx_WeiBo.app/Fx_WeiBo";
			};
			name = Release;
		};
		51AE33061F677A7F00D7CCA1 /* Debug */ = {
			isa = XCBuildConfiguration;
			buildSettings = {
				INFOPLIST_FILE = Fx_WeiBoUITests/Info.plist;
				LD_RUNPATH_SEARCH_PATHS = "$(inherited) @executable_path/Frameworks @loader_path/Frameworks";
				PRODUCT_BUNDLE_IDENTIFIER = "-66666.Fx-WeiBoUITests";
				PRODUCT_NAME = "$(TARGET_NAME)";
				TEST_TARGET_NAME = Fx_WeiBo;
			};
			name = Debug;
		};
		51AE33071F677A7F00D7CCA1 /* Release */ = {
			isa = XCBuildConfiguration;
			buildSettings = {
				INFOPLIST_FILE = Fx_WeiBoUITests/Info.plist;
				LD_RUNPATH_SEARCH_PATHS = "$(inherited) @executable_path/Frameworks @loader_path/Frameworks";
				PRODUCT_BUNDLE_IDENTIFIER = "-66666.Fx-WeiBoUITests";
				PRODUCT_NAME = "$(TARGET_NAME)";
				TEST_TARGET_NAME = Fx_WeiBo;
			};
			name = Release;
		};
/* End XCBuildConfiguration section */

/* Begin XCConfigurationList section */
		51AE32CD1F677A7F00D7CCA1 /* Build configuration list for PBXProject "Fx_WeiBo" */ = {
			isa = XCConfigurationList;
			buildConfigurations = (
				51AE32FD1F677A7F00D7CCA1 /* Debug */,
				51AE32FE1F677A7F00D7CCA1 /* Release */,
			);
			defaultConfigurationIsVisible = 0;
			defaultConfigurationName = Release;
		};
		51AE32FF1F677A7F00D7CCA1 /* Build configuration list for PBXNativeTarget "Fx_WeiBo" */ = {
			isa = XCConfigurationList;
			buildConfigurations = (
				51AE33001F677A7F00D7CCA1 /* Debug */,
				51AE33011F677A7F00D7CCA1 /* Release */,
			);
			defaultConfigurationIsVisible = 0;
		};
		51AE33021F677A7F00D7CCA1 /* Build configuration list for PBXNativeTarget "Fx_WeiBoTests" */ = {
			isa = XCConfigurationList;
			buildConfigurations = (
				51AE33031F677A7F00D7CCA1 /* Debug */,
				51AE33041F677A7F00D7CCA1 /* Release */,
			);
			defaultConfigurationIsVisible = 0;
		};
		51AE33051F677A7F00D7CCA1 /* Build configuration list for PBXNativeTarget "Fx_WeiBoUITests" */ = {
			isa = XCConfigurationList;
			buildConfigurations = (
				51AE33061F677A7F00D7CCA1 /* Debug */,
				51AE33071F677A7F00D7CCA1 /* Release */,
			);
			defaultConfigurationIsVisible = 0;
		};
/* End XCConfigurationList section */
	};
	rootObject = 51AE32CA1F677A7F00D7CCA1 /* Project object */;
}
