// !$*UTF8*$!
{
	archiveVersion = 1;
	classes = {
	};
	objectVersion = 46;
	objects = {

/* Begin PBXBuildFile section */
		510537D81FA404BB00011890 /* AFHTTPRequestOperation.m in Sources */ = {isa = PBXBuildFile; fileRef = 510537C61FA404BB00011890 /* AFHTTPRequestOperation.m */; };
		510537D91FA404BB00011890 /* AFHTTPRequestOperationManager.m in Sources */ = {isa = PBXBuildFile; fileRef = 510537C81FA404BB00011890 /* AFHTTPRequestOperationManager.m */; };
		510537DA1FA404BB00011890 /* AFHTTPSessionManager.m in Sources */ = {isa = PBXBuildFile; fileRef = 510537CA1FA404BB00011890 /* AFHTTPSessionManager.m */; };
		510537DB1FA404BB00011890 /* AFNetworkReachabilityManager.m in Sources */ = {isa = PBXBuildFile; fileRef = 510537CD1FA404BB00011890 /* AFNetworkReachabilityManager.m */; };
		510537DC1FA404BB00011890 /* AFSecurityPolicy.m in Sources */ = {isa = PBXBuildFile; fileRef = 510537CF1FA404BB00011890 /* AFSecurityPolicy.m */; };
		510537DD1FA404BB00011890 /* AFURLConnectionOperation.m in Sources */ = {isa = PBXBuildFile; fileRef = 510537D11FA404BB00011890 /* AFURLConnectionOperation.m */; };
		510537DE1FA404BB00011890 /* AFURLRequestSerialization.m in Sources */ = {isa = PBXBuildFile; fileRef = 510537D31FA404BB00011890 /* AFURLRequestSerialization.m */; };
		510537DF1FA404BB00011890 /* AFURLResponseSerialization.m in Sources */ = {isa = PBXBuildFile; fileRef = 510537D51FA404BB00011890 /* AFURLResponseSerialization.m */; };
		510537E01FA404BB00011890 /* AFURLSessionManager.m in Sources */ = {isa = PBXBuildFile; fileRef = 510537D71FA404BB00011890 /* AFURLSessionManager.m */; };
		510A33B31F709B1D00E57EF7 /* FXDiscoverViewController.m in Sources */ = {isa = PBXBuildFile; fileRef = 510A33901F709B1D00E57EF7 /* FXDiscoverViewController.m */; };
		510A33B41F709B1D00E57EF7 /* FXHomeViewController.m in Sources */ = {isa = PBXBuildFile; fileRef = 510A33961F709B1D00E57EF7 /* FXHomeViewController.m */; };
		510A33B91F709B1D00E57EF7 /* FXMessageViewController.m in Sources */ = {isa = PBXBuildFile; fileRef = 510A33A41F709B1D00E57EF7 /* FXMessageViewController.m */; };
		510A33BA1F709B1D00E57EF7 /* FXProfileViewController.m in Sources */ = {isa = PBXBuildFile; fileRef = 510A33AB1F709B1D00E57EF7 /* FXProfileViewController.m */; };
		510A33BB1F709B1D00E57EF7 /* FXTest1ViewController.m in Sources */ = {isa = PBXBuildFile; fileRef = 510A33B01F709B1D00E57EF7 /* FXTest1ViewController.m */; };
		510A33BC1F709B1D00E57EF7 /* FXTest2ViewController.m in Sources */ = {isa = PBXBuildFile; fileRef = 510A33B21F709B1D00E57EF7 /* FXTest2ViewController.m */; };
		510A33D31F709E0100E57EF7 /* FXNavigationController.m in Sources */ = {isa = PBXBuildFile; fileRef = 510A33D01F709E0100E57EF7 /* FXNavigationController.m */; };
		510A33D41F709E0100E57EF7 /* FXTaBarController.m in Sources */ = {isa = PBXBuildFile; fileRef = 510A33D21F709E0100E57EF7 /* FXTaBarController.m */; };
		510A33D71F709E7500E57EF7 /* AppDelegate.m in Sources */ = {isa = PBXBuildFile; fileRef = 510A33D61F709E7500E57EF7 /* AppDelegate.m */; };
		510A33D91F709E7F00E57EF7 /* main.m in Sources */ = {isa = PBXBuildFile; fileRef = 510A33D81F709E7F00E57EF7 /* main.m */; };
		510A33DF1F70B69300E57EF7 /* UIBarButtonItem+Extension.m in Sources */ = {isa = PBXBuildFile; fileRef = 510A33DE1F70B69300E57EF7 /* UIBarButtonItem+Extension.m */; };
		511B7B921F8B5D3000A1D49F /* UIView+Extension.m in Sources */ = {isa = PBXBuildFile; fileRef = 511B7B911F8B5D3000A1D49F /* UIView+Extension.m */; };
		511B7B951F8B64D600A1D49F /* FXTabar.m in Sources */ = {isa = PBXBuildFile; fileRef = 511B7B941F8B64D600A1D49F /* FXTabar.m */; };
		5147A48D1F8C541800B4A982 /* FXNewFeatureViewController.m in Sources */ = {isa = PBXBuildFile; fileRef = 5147A48C1F8C541800B4A982 /* FXNewFeatureViewController.m */; };
		515933E31FA554A5002DCB52 /* UIWindow+Extension.m in Sources */ = {isa = PBXBuildFile; fileRef = 515933E21FA554A5002DCB52 /* UIWindow+Extension.m */; };
		515933ED1FA55F01002DCB52 /* MBProgressHUD+MJ.m in Sources */ = {isa = PBXBuildFile; fileRef = 515933E91FA55F01002DCB52 /* MBProgressHUD+MJ.m */; };
		515933EE1FA55F01002DCB52 /* MBProgressHUD.bundle in Resources */ = {isa = PBXBuildFile; fileRef = 515933EA1FA55F01002DCB52 /* MBProgressHUD.bundle */; };
		515933EF1FA55F01002DCB52 /* MBProgressHUD.m in Sources */ = {isa = PBXBuildFile; fileRef = 515933EC1FA55F01002DCB52 /* MBProgressHUD.m */; };
		515933F21FA563FE002DCB52 /* FXAccount.m in Sources */ = {isa = PBXBuildFile; fileRef = 515933F11FA563FE002DCB52 /* FXAccount.m */; };
		515933F51FA570C9002DCB52 /* FXAccountTool.m in Sources */ = {isa = PBXBuildFile; fileRef = 515933F41FA570C9002DCB52 /* FXAccountTool.m */; };
		51769CC91FA7F8E800522A88 /* FXStatus.m in Sources */ = {isa = PBXBuildFile; fileRef = 51769CC81FA7F8E800522A88 /* FXStatus.m */; };
		51769CCC1FA8064800522A88 /* FXUser.m in Sources */ = {isa = PBXBuildFile; fileRef = 51769CCB1FA8064800522A88 /* FXUser.m */; };
		51769CEF1FA811C400522A88 /* MKAnnotationView+WebCache.m in Sources */ = {isa = PBXBuildFile; fileRef = 51769CCF1FA811C400522A88 /* MKAnnotationView+WebCache.m */; };
		51769CF01FA811C400522A88 /* NSData+ImageContentType.m in Sources */ = {isa = PBXBuildFile; fileRef = 51769CD11FA811C400522A88 /* NSData+ImageContentType.m */; };
		51769CF11FA811C400522A88 /* SDImageCache.m in Sources */ = {isa = PBXBuildFile; fileRef = 51769CD31FA811C400522A88 /* SDImageCache.m */; };
		51769CF21FA811C400522A88 /* SDWebImageCompat.m in Sources */ = {isa = PBXBuildFile; fileRef = 51769CD51FA811C400522A88 /* SDWebImageCompat.m */; };
		51769CF31FA811C400522A88 /* SDWebImageDecoder.m in Sources */ = {isa = PBXBuildFile; fileRef = 51769CD71FA811C400522A88 /* SDWebImageDecoder.m */; };
		51769CF41FA811C400522A88 /* SDWebImageDownloader.m in Sources */ = {isa = PBXBuildFile; fileRef = 51769CD91FA811C400522A88 /* SDWebImageDownloader.m */; };
		51769CF51FA811C400522A88 /* SDWebImageDownloaderOperation.m in Sources */ = {isa = PBXBuildFile; fileRef = 51769CDB1FA811C400522A88 /* SDWebImageDownloaderOperation.m */; };
		51769CF61FA811C400522A88 /* SDWebImageManager.m in Sources */ = {isa = PBXBuildFile; fileRef = 51769CDD1FA811C400522A88 /* SDWebImageManager.m */; };
		51769CF71FA811C400522A88 /* SDWebImagePrefetcher.m in Sources */ = {isa = PBXBuildFile; fileRef = 51769CE01FA811C400522A88 /* SDWebImagePrefetcher.m */; };
		51769CF81FA811C400522A88 /* UIButton+WebCache.m in Sources */ = {isa = PBXBuildFile; fileRef = 51769CE21FA811C400522A88 /* UIButton+WebCache.m */; };
		51769CF91FA811C400522A88 /* UIImage+GIF.m in Sources */ = {isa = PBXBuildFile; fileRef = 51769CE41FA811C400522A88 /* UIImage+GIF.m */; };
		51769CFA1FA811C400522A88 /* UIImage+MultiFormat.m in Sources */ = {isa = PBXBuildFile; fileRef = 51769CE61FA811C400522A88 /* UIImage+MultiFormat.m */; };
		51769CFB1FA811C400522A88 /* UIImage+WebP.m in Sources */ = {isa = PBXBuildFile; fileRef = 51769CE81FA811C400522A88 /* UIImage+WebP.m */; };
		51769CFC1FA811C400522A88 /* UIImageView+HighlightedWebCache.m in Sources */ = {isa = PBXBuildFile; fileRef = 51769CEA1FA811C400522A88 /* UIImageView+HighlightedWebCache.m */; };
		51769CFD1FA811C400522A88 /* UIImageView+WebCache.m in Sources */ = {isa = PBXBuildFile; fileRef = 51769CEC1FA811C400522A88 /* UIImageView+WebCache.m */; };
		51769CFE1FA811C400522A88 /* UIView+WebCacheOperation.m in Sources */ = {isa = PBXBuildFile; fileRef = 51769CEE1FA811C400522A88 /* UIView+WebCacheOperation.m */; };
		51AE32E21F677A7F00D7CCA1 /* Assets.xcassets in Resources */ = {isa = PBXBuildFile; fileRef = 51AE32E11F677A7F00D7CCA1 /* Assets.xcassets */; };
		51AE32E51F677A7F00D7CCA1 /* LaunchScreen.storyboard in Resources */ = {isa = PBXBuildFile; fileRef = 51AE32E31F677A7F00D7CCA1 /* LaunchScreen.storyboard */; };
		51AE32F01F677A7F00D7CCA1 /* Fx_WeiBoTests.m in Sources */ = {isa = PBXBuildFile; fileRef = 51AE32EF1F677A7F00D7CCA1 /* Fx_WeiBoTests.m */; };
		51AE32FB1F677A7F00D7CCA1 /* Fx_WeiBoUITests.m in Sources */ = {isa = PBXBuildFile; fileRef = 51AE32FA1F677A7F00D7CCA1 /* Fx_WeiBoUITests.m */; };
		51CF49EB1F790A250042F082 /* FXSearchBar.m in Sources */ = {isa = PBXBuildFile; fileRef = 51CF49EA1F790A250042F082 /* FXSearchBar.m */; };
		51E908D61F9DE49D006E0F1A /* FXOauthViewController.m in Sources */ = {isa = PBXBuildFile; fileRef = 51E908D51F9DE49D006E0F1A /* FXOauthViewController.m */; };
		51F76F0D1F79FD7100C669A4 /* FXDropdownView.m in Sources */ = {isa = PBXBuildFile; fileRef = 51F76F0C1F79FD7100C669A4 /* FXDropdownView.m */; };
/* End PBXBuildFile section */

/* Begin PBXContainerItemProxy section */
		51AE32EC1F677A7F00D7CCA1 /* PBXContainerItemProxy */ = {
			isa = PBXContainerItemProxy;
			containerPortal = 51AE32CA1F677A7F00D7CCA1 /* Project object */;
			proxyType = 1;
			remoteGlobalIDString = 51AE32D11F677A7F00D7CCA1;
			remoteInfo = Fx_WeiBo;
		};
		51AE32F71F677A7F00D7CCA1 /* PBXContainerItemProxy */ = {
			isa = PBXContainerItemProxy;
			containerPortal = 51AE32CA1F677A7F00D7CCA1 /* Project object */;
			proxyType = 1;
			remoteGlobalIDString = 51AE32D11F677A7F00D7CCA1;
			remoteInfo = Fx_WeiBo;
		};
/* End PBXContainerItemProxy section */

/* Begin PBXFileReference section */
		510537C51FA404BB00011890 /* AFHTTPRequestOperation.h */ = {isa = PBXFileReference; fileEncoding = 4; lastKnownFileType = sourcecode.c.h; path = AFHTTPRequestOperation.h; sourceTree = "<group>"; };
		510537C61FA404BB00011890 /* AFHTTPRequestOperation.m */ = {isa = PBXFileReference; fileEncoding = 4; lastKnownFileType = sourcecode.c.objc; path = AFHTTPRequestOperation.m; sourceTree = "<group>"; };
		510537C71FA404BB00011890 /* AFHTTPRequestOperationManager.h */ = {isa = PBXFileReference; fileEncoding = 4; lastKnownFileType = sourcecode.c.h; path = AFHTTPRequestOperationManager.h; sourceTree = "<group>"; };
		510537C81FA404BB00011890 /* AFHTTPRequestOperationManager.m */ = {isa = PBXFileReference; fileEncoding = 4; lastKnownFileType = sourcecode.c.objc; path = AFHTTPRequestOperationManager.m; sourceTree = "<group>"; };
		510537C91FA404BB00011890 /* AFHTTPSessionManager.h */ = {isa = PBXFileReference; fileEncoding = 4; lastKnownFileType = sourcecode.c.h; path = AFHTTPSessionManager.h; sourceTree = "<group>"; };
		510537CA1FA404BB00011890 /* AFHTTPSessionManager.m */ = {isa = PBXFileReference; fileEncoding = 4; lastKnownFileType = sourcecode.c.objc; path = AFHTTPSessionManager.m; sourceTree = "<group>"; };
		510537CB1FA404BB00011890 /* AFNetworking.h */ = {isa = PBXFileReference; fileEncoding = 4; lastKnownFileType = sourcecode.c.h; path = AFNetworking.h; sourceTree = "<group>"; };
		510537CC1FA404BB00011890 /* AFNetworkReachabilityManager.h */ = {isa = PBXFileReference; fileEncoding = 4; lastKnownFileType = sourcecode.c.h; path = AFNetworkReachabilityManager.h; sourceTree = "<group>"; };
		510537CD1FA404BB00011890 /* AFNetworkReachabilityManager.m */ = {isa = PBXFileReference; fileEncoding = 4; lastKnownFileType = sourcecode.c.objc; path = AFNetworkReachabilityManager.m; sourceTree = "<group>"; };
		510537CE1FA404BB00011890 /* AFSecurityPolicy.h */ = {isa = PBXFileReference; fileEncoding = 4; lastKnownFileType = sourcecode.c.h; path = AFSecurityPolicy.h; sourceTree = "<group>"; };
		510537CF1FA404BB00011890 /* AFSecurityPolicy.m */ = {isa = PBXFileReference; fileEncoding = 4; lastKnownFileType = sourcecode.c.objc; path = AFSecurityPolicy.m; sourceTree = "<group>"; };
		510537D01FA404BB00011890 /* AFURLConnectionOperation.h */ = {isa = PBXFileReference; fileEncoding = 4; lastKnownFileType = sourcecode.c.h; path = AFURLConnectionOperation.h; sourceTree = "<group>"; };
		510537D11FA404BB00011890 /* AFURLConnectionOperation.m */ = {isa = PBXFileReference; fileEncoding = 4; lastKnownFileType = sourcecode.c.objc; path = AFURLConnectionOperation.m; sourceTree = "<group>"; };
		510537D21FA404BB00011890 /* AFURLRequestSerialization.h */ = {isa = PBXFileReference; fileEncoding = 4; lastKnownFileType = sourcecode.c.h; path = AFURLRequestSerialization.h; sourceTree = "<group>"; };
		510537D31FA404BB00011890 /* AFURLRequestSerialization.m */ = {isa = PBXFileReference; fileEncoding = 4; lastKnownFileType = sourcecode.c.objc; path = AFURLRequestSerialization.m; sourceTree = "<group>"; };
		510537D41FA404BB00011890 /* AFURLResponseSerialization.h */ = {isa = PBXFileReference; fileEncoding = 4; lastKnownFileType = sourcecode.c.h; path = AFURLResponseSerialization.h; sourceTree = "<group>"; };
		510537D51FA404BB00011890 /* AFURLResponseSerialization.m */ = {isa = PBXFileReference; fileEncoding = 4; lastKnownFileType = sourcecode.c.objc; path = AFURLResponseSerialization.m; sourceTree = "<group>"; };
		510537D61FA404BB00011890 /* AFURLSessionManager.h */ = {isa = PBXFileReference; fileEncoding = 4; lastKnownFileType = sourcecode.c.h; path = AFURLSessionManager.h; sourceTree = "<group>"; };
		510537D71FA404BB00011890 /* AFURLSessionManager.m */ = {isa = PBXFileReference; fileEncoding = 4; lastKnownFileType = sourcecode.c.objc; path = AFURLSessionManager.m; sourceTree = "<group>"; };
		510A338F1F709B1D00E57EF7 /* FXDiscoverViewController.h */ = {isa = PBXFileReference; fileEncoding = 4; lastKnownFileType = sourcecode.c.h; path = FXDiscoverViewController.h; sourceTree = "<group>"; };
		510A33901F709B1D00E57EF7 /* FXDiscoverViewController.m */ = {isa = PBXFileReference; fileEncoding = 4; lastKnownFileType = sourcecode.c.objc; path = FXDiscoverViewController.m; sourceTree = "<group>"; };
		510A33951F709B1D00E57EF7 /* FXHomeViewController.h */ = {isa = PBXFileReference; fileEncoding = 4; lastKnownFileType = sourcecode.c.h; path = FXHomeViewController.h; sourceTree = "<group>"; };
		510A33961F709B1D00E57EF7 /* FXHomeViewController.m */ = {isa = PBXFileReference; fileEncoding = 4; lastKnownFileType = sourcecode.c.objc; path = FXHomeViewController.m; sourceTree = "<group>"; };
		510A33A31F709B1D00E57EF7 /* FXMessageViewController.h */ = {isa = PBXFileReference; fileEncoding = 4; lastKnownFileType = sourcecode.c.h; path = FXMessageViewController.h; sourceTree = "<group>"; };
		510A33A41F709B1D00E57EF7 /* FXMessageViewController.m */ = {isa = PBXFileReference; fileEncoding = 4; lastKnownFileType = sourcecode.c.objc; path = FXMessageViewController.m; sourceTree = "<group>"; };
		510A33AA1F709B1D00E57EF7 /* FXProfileViewController.h */ = {isa = PBXFileReference; fileEncoding = 4; lastKnownFileType = sourcecode.c.h; path = FXProfileViewController.h; sourceTree = "<group>"; };
		510A33AB1F709B1D00E57EF7 /* FXProfileViewController.m */ = {isa = PBXFileReference; fileEncoding = 4; lastKnownFileType = sourcecode.c.objc; path = FXProfileViewController.m; sourceTree = "<group>"; };
		510A33AF1F709B1D00E57EF7 /* FXTest1ViewController.h */ = {isa = PBXFileReference; fileEncoding = 4; lastKnownFileType = sourcecode.c.h; path = FXTest1ViewController.h; sourceTree = "<group>"; };
		510A33B01F709B1D00E57EF7 /* FXTest1ViewController.m */ = {isa = PBXFileReference; fileEncoding = 4; lastKnownFileType = sourcecode.c.objc; path = FXTest1ViewController.m; sourceTree = "<group>"; };
		510A33B11F709B1D00E57EF7 /* FXTest2ViewController.h */ = {isa = PBXFileReference; fileEncoding = 4; lastKnownFileType = sourcecode.c.h; path = FXTest2ViewController.h; sourceTree = "<group>"; };
		510A33B21F709B1D00E57EF7 /* FXTest2ViewController.m */ = {isa = PBXFileReference; fileEncoding = 4; lastKnownFileType = sourcecode.c.objc; path = FXTest2ViewController.m; sourceTree = "<group>"; };
		510A33CF1F709E0100E57EF7 /* FXNavigationController.h */ = {isa = PBXFileReference; fileEncoding = 4; lastKnownFileType = sourcecode.c.h; path = FXNavigationController.h; sourceTree = "<group>"; };
		510A33D01F709E0100E57EF7 /* FXNavigationController.m */ = {isa = PBXFileReference; fileEncoding = 4; lastKnownFileType = sourcecode.c.objc; path = FXNavigationController.m; sourceTree = "<group>"; };
		510A33D11F709E0100E57EF7 /* FXTaBarController.h */ = {isa = PBXFileReference; fileEncoding = 4; lastKnownFileType = sourcecode.c.h; path = FXTaBarController.h; sourceTree = "<group>"; };
		510A33D21F709E0100E57EF7 /* FXTaBarController.m */ = {isa = PBXFileReference; fileEncoding = 4; lastKnownFileType = sourcecode.c.objc; path = FXTaBarController.m; sourceTree = "<group>"; };
		510A33D51F709E7500E57EF7 /* AppDelegate.h */ = {isa = PBXFileReference; fileEncoding = 4; lastKnownFileType = sourcecode.c.h; path = AppDelegate.h; sourceTree = "<group>"; };
		510A33D61F709E7500E57EF7 /* AppDelegate.m */ = {isa = PBXFileReference; fileEncoding = 4; lastKnownFileType = sourcecode.c.objc; path = AppDelegate.m; sourceTree = "<group>"; };
		510A33D81F709E7F00E57EF7 /* main.m */ = {isa = PBXFileReference; fileEncoding = 4; lastKnownFileType = sourcecode.c.objc; path = main.m; sourceTree = "<group>"; };
		510A33DD1F70B69300E57EF7 /* UIBarButtonItem+Extension.h */ = {isa = PBXFileReference; fileEncoding = 4; lastKnownFileType = sourcecode.c.h; path = "UIBarButtonItem+Extension.h"; sourceTree = "<group>"; };
		510A33DE1F70B69300E57EF7 /* UIBarButtonItem+Extension.m */ = {isa = PBXFileReference; fileEncoding = 4; lastKnownFileType = sourcecode.c.objc; path = "UIBarButtonItem+Extension.m"; sourceTree = "<group>"; };
		510A33E01F70BE5600E57EF7 /* Fx_WeiBo_Prefix.pch */ = {isa = PBXFileReference; lastKnownFileType = sourcecode.c.h; path = Fx_WeiBo_Prefix.pch; sourceTree = "<group>"; };
		511B7B901F8B5D3000A1D49F /* UIView+Extension.h */ = {isa = PBXFileReference; fileEncoding = 4; lastKnownFileType = sourcecode.c.h; path = "UIView+Extension.h"; sourceTree = "<group>"; };
		511B7B911F8B5D3000A1D49F /* UIView+Extension.m */ = {isa = PBXFileReference; fileEncoding = 4; lastKnownFileType = sourcecode.c.objc; path = "UIView+Extension.m"; sourceTree = "<group>"; };
		511B7B931F8B64D600A1D49F /* FXTabar.h */ = {isa = PBXFileReference; fileEncoding = 4; lastKnownFileType = sourcecode.c.h; path = FXTabar.h; sourceTree = "<group>"; };
		511B7B941F8B64D600A1D49F /* FXTabar.m */ = {isa = PBXFileReference; fileEncoding = 4; lastKnownFileType = sourcecode.c.objc; path = FXTabar.m; sourceTree = "<group>"; };
		5147A48B1F8C541800B4A982 /* FXNewFeatureViewController.h */ = {isa = PBXFileReference; fileEncoding = 4; lastKnownFileType = sourcecode.c.h; path = FXNewFeatureViewController.h; sourceTree = "<group>"; };
		5147A48C1F8C541800B4A982 /* FXNewFeatureViewController.m */ = {isa = PBXFileReference; fileEncoding = 4; indentWidth = 3; lastKnownFileType = sourcecode.c.objc; path = FXNewFeatureViewController.m; sourceTree = "<group>"; };
		515933E11FA554A5002DCB52 /* UIWindow+Extension.h */ = {isa = PBXFileReference; fileEncoding = 4; lastKnownFileType = sourcecode.c.h; path = "UIWindow+Extension.h"; sourceTree = "<group>"; };
		515933E21FA554A5002DCB52 /* UIWindow+Extension.m */ = {isa = PBXFileReference; fileEncoding = 4; lastKnownFileType = sourcecode.c.objc; path = "UIWindow+Extension.m"; sourceTree = "<group>"; };
		515933E81FA55F01002DCB52 /* MBProgressHUD+MJ.h */ = {isa = PBXFileReference; fileEncoding = 4; lastKnownFileType = sourcecode.c.h; path = "MBProgressHUD+MJ.h"; sourceTree = "<group>"; };
		515933E91FA55F01002DCB52 /* MBProgressHUD+MJ.m */ = {isa = PBXFileReference; fileEncoding = 4; lastKnownFileType = sourcecode.c.objc; path = "MBProgressHUD+MJ.m"; sourceTree = "<group>"; };
		515933EA1FA55F01002DCB52 /* MBProgressHUD.bundle */ = {isa = PBXFileReference; lastKnownFileType = "wrapper.plug-in"; path = MBProgressHUD.bundle; sourceTree = "<group>"; };
		515933EB1FA55F01002DCB52 /* MBProgressHUD.h */ = {isa = PBXFileReference; fileEncoding = 4; lastKnownFileType = sourcecode.c.h; path = MBProgressHUD.h; sourceTree = "<group>"; };
		515933EC1FA55F01002DCB52 /* MBProgressHUD.m */ = {isa = PBXFileReference; fileEncoding = 4; lastKnownFileType = sourcecode.c.objc; path = MBProgressHUD.m; sourceTree = "<group>"; };
		515933F01FA563FE002DCB52 /* FXAccount.h */ = {isa = PBXFileReference; fileEncoding = 4; lastKnownFileType = sourcecode.c.h; path = FXAccount.h; sourceTree = "<group>"; };
		515933F11FA563FE002DCB52 /* FXAccount.m */ = {isa = PBXFileReference; fileEncoding = 4; lastKnownFileType = sourcecode.c.objc; path = FXAccount.m; sourceTree = "<group>"; };
		515933F31FA570C9002DCB52 /* FXAccountTool.h */ = {isa = PBXFileReference; fileEncoding = 4; lastKnownFileType = sourcecode.c.h; path = FXAccountTool.h; sourceTree = "<group>"; };
		515933F41FA570C9002DCB52 /* FXAccountTool.m */ = {isa = PBXFileReference; fileEncoding = 4; lastKnownFileType = sourcecode.c.objc; path = FXAccountTool.m; sourceTree = "<group>"; };
		51769CC71FA7F8E800522A88 /* FXStatus.h */ = {isa = PBXFileReference; fileEncoding = 4; lastKnownFileType = sourcecode.c.h; path = FXStatus.h; sourceTree = "<group>"; };
		51769CC81FA7F8E800522A88 /* FXStatus.m */ = {isa = PBXFileReference; fileEncoding = 4; lastKnownFileType = sourcecode.c.objc; path = FXStatus.m; sourceTree = "<group>"; };
		51769CCA1FA8064800522A88 /* FXUser.h */ = {isa = PBXFileReference; fileEncoding = 4; lastKnownFileType = sourcecode.c.h; path = FXUser.h; sourceTree = "<group>"; };
		51769CCB1FA8064800522A88 /* FXUser.m */ = {isa = PBXFileReference; fileEncoding = 4; lastKnownFileType = sourcecode.c.objc; path = FXUser.m; sourceTree = "<group>"; };
		51769CCE1FA811C400522A88 /* MKAnnotationView+WebCache.h */ = {isa = PBXFileReference; fileEncoding = 4; lastKnownFileType = sourcecode.c.h; path = "MKAnnotationView+WebCache.h"; sourceTree = "<group>"; };
		51769CCF1FA811C400522A88 /* MKAnnotationView+WebCache.m */ = {isa = PBXFileReference; fileEncoding = 4; lastKnownFileType = sourcecode.c.objc; path = "MKAnnotationView+WebCache.m"; sourceTree = "<group>"; };
		51769CD01FA811C400522A88 /* NSData+ImageContentType.h */ = {isa = PBXFileReference; fileEncoding = 4; lastKnownFileType = sourcecode.c.h; path = "NSData+ImageContentType.h"; sourceTree = "<group>"; };
		51769CD11FA811C400522A88 /* NSData+ImageContentType.m */ = {isa = PBXFileReference; fileEncoding = 4; lastKnownFileType = sourcecode.c.objc; path = "NSData+ImageContentType.m"; sourceTree = "<group>"; };
		51769CD21FA811C400522A88 /* SDImageCache.h */ = {isa = PBXFileReference; fileEncoding = 4; lastKnownFileType = sourcecode.c.h; path = SDImageCache.h; sourceTree = "<group>"; };
		51769CD31FA811C400522A88 /* SDImageCache.m */ = {isa = PBXFileReference; fileEncoding = 4; lastKnownFileType = sourcecode.c.objc; path = SDImageCache.m; sourceTree = "<group>"; };
		51769CD41FA811C400522A88 /* SDWebImageCompat.h */ = {isa = PBXFileReference; fileEncoding = 4; lastKnownFileType = sourcecode.c.h; path = SDWebImageCompat.h; sourceTree = "<group>"; };
		51769CD51FA811C400522A88 /* SDWebImageCompat.m */ = {isa = PBXFileReference; fileEncoding = 4; lastKnownFileType = sourcecode.c.objc; path = SDWebImageCompat.m; sourceTree = "<group>"; };
		51769CD61FA811C400522A88 /* SDWebImageDecoder.h */ = {isa = PBXFileReference; fileEncoding = 4; lastKnownFileType = sourcecode.c.h; path = SDWebImageDecoder.h; sourceTree = "<group>"; };
		51769CD71FA811C400522A88 /* SDWebImageDecoder.m */ = {isa = PBXFileReference; fileEncoding = 4; lastKnownFileType = sourcecode.c.objc; path = SDWebImageDecoder.m; sourceTree = "<group>"; };
		51769CD81FA811C400522A88 /* SDWebImageDownloader.h */ = {isa = PBXFileReference; fileEncoding = 4; lastKnownFileType = sourcecode.c.h; path = SDWebImageDownloader.h; sourceTree = "<group>"; };
		51769CD91FA811C400522A88 /* SDWebImageDownloader.m */ = {isa = PBXFileReference; fileEncoding = 4; lastKnownFileType = sourcecode.c.objc; path = SDWebImageDownloader.m; sourceTree = "<group>"; };
		51769CDA1FA811C400522A88 /* SDWebImageDownloaderOperation.h */ = {isa = PBXFileReference; fileEncoding = 4; lastKnownFileType = sourcecode.c.h; path = SDWebImageDownloaderOperation.h; sourceTree = "<group>"; };
		51769CDB1FA811C400522A88 /* SDWebImageDownloaderOperation.m */ = {isa = PBXFileReference; fileEncoding = 4; lastKnownFileType = sourcecode.c.objc; path = SDWebImageDownloaderOperation.m; sourceTree = "<group>"; };
		51769CDC1FA811C400522A88 /* SDWebImageManager.h */ = {isa = PBXFileReference; fileEncoding = 4; lastKnownFileType = sourcecode.c.h; path = SDWebImageManager.h; sourceTree = "<group>"; };
		51769CDD1FA811C400522A88 /* SDWebImageManager.m */ = {isa = PBXFileReference; fileEncoding = 4; lastKnownFileType = sourcecode.c.objc; path = SDWebImageManager.m; sourceTree = "<group>"; };
		51769CDE1FA811C400522A88 /* SDWebImageOperation.h */ = {isa = PBXFileReference; fileEncoding = 4; lastKnownFileType = sourcecode.c.h; path = SDWebImageOperation.h; sourceTree = "<group>"; };
		51769CDF1FA811C400522A88 /* SDWebImagePrefetcher.h */ = {isa = PBXFileReference; fileEncoding = 4; lastKnownFileType = sourcecode.c.h; path = SDWebImagePrefetcher.h; sourceTree = "<group>"; };
		51769CE01FA811C400522A88 /* SDWebImagePrefetcher.m */ = {isa = PBXFileReference; fileEncoding = 4; lastKnownFileType = sourcecode.c.objc; path = SDWebImagePrefetcher.m; sourceTree = "<group>"; };
		51769CE11FA811C400522A88 /* UIButton+WebCache.h */ = {isa = PBXFileReference; fileEncoding = 4; lastKnownFileType = sourcecode.c.h; path = "UIButton+WebCache.h"; sourceTree = "<group>"; };
		51769CE21FA811C400522A88 /* UIButton+WebCache.m */ = {isa = PBXFileReference; fileEncoding = 4; lastKnownFileType = sourcecode.c.objc; path = "UIButton+WebCache.m"; sourceTree = "<group>"; };
		51769CE31FA811C400522A88 /* UIImage+GIF.h */ = {isa = PBXFileReference; fileEncoding = 4; lastKnownFileType = sourcecode.c.h; path = "UIImage+GIF.h"; sourceTree = "<group>"; };
		51769CE41FA811C400522A88 /* UIImage+GIF.m */ = {isa = PBXFileReference; fileEncoding = 4; lastKnownFileType = sourcecode.c.objc; path = "UIImage+GIF.m"; sourceTree = "<group>"; };
		51769CE51FA811C400522A88 /* UIImage+MultiFormat.h */ = {isa = PBXFileReference; fileEncoding = 4; lastKnownFileType = sourcecode.c.h; path = "UIImage+MultiFormat.h"; sourceTree = "<group>"; };
		51769CE61FA811C400522A88 /* UIImage+MultiFormat.m */ = {isa = PBXFileReference; fileEncoding = 4; lastKnownFileType = sourcecode.c.objc; path = "UIImage+MultiFormat.m"; sourceTree = "<group>"; };
		51769CE71FA811C400522A88 /* UIImage+WebP.h */ = {isa = PBXFileReference; fileEncoding = 4; lastKnownFileType = sourcecode.c.h; path = "UIImage+WebP.h"; sourceTree = "<group>"; };
		51769CE81FA811C400522A88 /* UIImage+WebP.m */ = {isa = PBXFileReference; fileEncoding = 4; lastKnownFileType = sourcecode.c.objc; path = "UIImage+WebP.m"; sourceTree = "<group>"; };
		51769CE91FA811C400522A88 /* UIImageView+HighlightedWebCache.h */ = {isa = PBXFileReference; fileEncoding = 4; lastKnownFileType = sourcecode.c.h; path = "UIImageView+HighlightedWebCache.h"; sourceTree = "<group>"; };
		51769CEA1FA811C400522A88 /* UIImageView+HighlightedWebCache.m */ = {isa = PBXFileReference; fileEncoding = 4; lastKnownFileType = sourcecode.c.objc; path = "UIImageView+HighlightedWebCache.m"; sourceTree = "<group>"; };
		51769CEB1FA811C400522A88 /* UIImageView+WebCache.h */ = {isa = PBXFileReference; fileEncoding = 4; lastKnownFileType = sourcecode.c.h; path = "UIImageView+WebCache.h"; sourceTree = "<group>"; };
		51769CEC1FA811C400522A88 /* UIImageView+WebCache.m */ = {isa = PBXFileReference; fileEncoding = 4; lastKnownFileType = sourcecode.c.objc; path = "UIImageView+WebCache.m"; sourceTree = "<group>"; };
		51769CED1FA811C400522A88 /* UIView+WebCacheOperation.h */ = {isa = PBXFileReference; fileEncoding = 4; lastKnownFileType = sourcecode.c.h; path = "UIView+WebCacheOperation.h"; sourceTree = "<group>"; };
		51769CEE1FA811C400522A88 /* UIView+WebCacheOperation.m */ = {isa = PBXFileReference; fileEncoding = 4; lastKnownFileType = sourcecode.c.objc; path = "UIView+WebCacheOperation.m"; sourceTree = "<group>"; };
		51AE32D21F677A7F00D7CCA1 /* Fx_WeiBo.app */ = {isa = PBXFileReference; explicitFileType = wrapper.application; includeInIndex = 0; path = Fx_WeiBo.app; sourceTree = BUILT_PRODUCTS_DIR; };
		51AE32E11F677A7F00D7CCA1 /* Assets.xcassets */ = {isa = PBXFileReference; lastKnownFileType = folder.assetcatalog; path = Assets.xcassets; sourceTree = "<group>"; };
		51AE32E41F677A7F00D7CCA1 /* Base */ = {isa = PBXFileReference; lastKnownFileType = file.storyboard; name = Base; path = Base.lproj/LaunchScreen.storyboard; sourceTree = "<group>"; };
		51AE32E61F677A7F00D7CCA1 /* Info.plist */ = {isa = PBXFileReference; lastKnownFileType = text.plist.xml; path = Info.plist; sourceTree = "<group>"; };
		51AE32EB1F677A7F00D7CCA1 /* Fx_WeiBoTests.xctest */ = {isa = PBXFileReference; explicitFileType = wrapper.cfbundle; includeInIndex = 0; path = Fx_WeiBoTests.xctest; sourceTree = BUILT_PRODUCTS_DIR; };
		51AE32EF1F677A7F00D7CCA1 /* Fx_WeiBoTests.m */ = {isa = PBXFileReference; lastKnownFileType = sourcecode.c.objc; path = Fx_WeiBoTests.m; sourceTree = "<group>"; };
		51AE32F11F677A7F00D7CCA1 /* Info.plist */ = {isa = PBXFileReference; lastKnownFileType = text.plist.xml; path = Info.plist; sourceTree = "<group>"; };
		51AE32F61F677A7F00D7CCA1 /* Fx_WeiBoUITests.xctest */ = {isa = PBXFileReference; explicitFileType = wrapper.cfbundle; includeInIndex = 0; path = Fx_WeiBoUITests.xctest; sourceTree = BUILT_PRODUCTS_DIR; };
		51AE32FA1F677A7F00D7CCA1 /* Fx_WeiBoUITests.m */ = {isa = PBXFileReference; lastKnownFileType = sourcecode.c.objc; path = Fx_WeiBoUITests.m; sourceTree = "<group>"; };
		51AE32FC1F677A7F00D7CCA1 /* Info.plist */ = {isa = PBXFileReference; lastKnownFileType = text.plist.xml; path = Info.plist; sourceTree = "<group>"; };
		51CF49E91F790A250042F082 /* FXSearchBar.h */ = {isa = PBXFileReference; fileEncoding = 4; lastKnownFileType = sourcecode.c.h; path = FXSearchBar.h; sourceTree = "<group>"; };
		51CF49EA1F790A250042F082 /* FXSearchBar.m */ = {isa = PBXFileReference; fileEncoding = 4; lastKnownFileType = sourcecode.c.objc; path = FXSearchBar.m; sourceTree = "<group>"; };
		51E908D41F9DE49D006E0F1A /* FXOauthViewController.h */ = {isa = PBXFileReference; fileEncoding = 4; lastKnownFileType = sourcecode.c.h; path = FXOauthViewController.h; sourceTree = "<group>"; };
		51E908D51F9DE49D006E0F1A /* FXOauthViewController.m */ = {isa = PBXFileReference; fileEncoding = 4; lastKnownFileType = sourcecode.c.objc; path = FXOauthViewController.m; sourceTree = "<group>"; };
		51F76F0B1F79FD7100C669A4 /* FXDropdownView.h */ = {isa = PBXFileReference; fileEncoding = 4; lastKnownFileType = sourcecode.c.h; path = FXDropdownView.h; sourceTree = "<group>"; };
		51F76F0C1F79FD7100C669A4 /* FXDropdownView.m */ = {isa = PBXFileReference; fileEncoding = 4; lastKnownFileType = sourcecode.c.objc; path = FXDropdownView.m; sourceTree = "<group>"; };
/* End PBXFileReference section */

/* Begin PBXFrameworksBuildPhase section */
		51AE32CF1F677A7F00D7CCA1 /* Frameworks */ = {
			isa = PBXFrameworksBuildPhase;
			buildActionMask = 2147483647;
			files = (
			);
			runOnlyForDeploymentPostprocessing = 0;
		};
		51AE32E81F677A7F00D7CCA1 /* Frameworks */ = {
			isa = PBXFrameworksBuildPhase;
			buildActionMask = 2147483647;
			files = (
			);
			runOnlyForDeploymentPostprocessing = 0;
		};
		51AE32F31F677A7F00D7CCA1 /* Frameworks */ = {
			isa = PBXFrameworksBuildPhase;
			buildActionMask = 2147483647;
			files = (
			);
			runOnlyForDeploymentPostprocessing = 0;
		};
/* End PBXFrameworksBuildPhase section */

/* Begin PBXGroup section */
		510537C31FA404BB00011890 /* lib */ = {
			isa = PBXGroup;
			children = (
				51769CCD1FA811C400522A88 /* SDWebImage */,
				515933E71FA55F01002DCB52 /* MBProgressHUD */,
				510537C41FA404BB00011890 /* AFNetworking */,
			);
			path = lib;
			sourceTree = "<group>";
		};
		510537C41FA404BB00011890 /* AFNetworking */ = {
			isa = PBXGroup;
			children = (
				510537C51FA404BB00011890 /* AFHTTPRequestOperation.h */,
				510537C61FA404BB00011890 /* AFHTTPRequestOperation.m */,
				510537C71FA404BB00011890 /* AFHTTPRequestOperationManager.h */,
				510537C81FA404BB00011890 /* AFHTTPRequestOperationManager.m */,
				510537C91FA404BB00011890 /* AFHTTPSessionManager.h */,
				510537CA1FA404BB00011890 /* AFHTTPSessionManager.m */,
				510537CB1FA404BB00011890 /* AFNetworking.h */,
				510537CC1FA404BB00011890 /* AFNetworkReachabilityManager.h */,
				510537CD1FA404BB00011890 /* AFNetworkReachabilityManager.m */,
				510537CE1FA404BB00011890 /* AFSecurityPolicy.h */,
				510537CF1FA404BB00011890 /* AFSecurityPolicy.m */,
				510537D01FA404BB00011890 /* AFURLConnectionOperation.h */,
				510537D11FA404BB00011890 /* AFURLConnectionOperation.m */,
				510537D21FA404BB00011890 /* AFURLRequestSerialization.h */,
				510537D31FA404BB00011890 /* AFURLRequestSerialization.m */,
				510537D41FA404BB00011890 /* AFURLResponseSerialization.h */,
				510537D51FA404BB00011890 /* AFURLResponseSerialization.m */,
				510537D61FA404BB00011890 /* AFURLSessionManager.h */,
				510537D71FA404BB00011890 /* AFURLSessionManager.m */,
			);
			path = AFNetworking;
			sourceTree = "<group>";
		};
		510537E11FA4352A00011890 /* tool */ = {
			isa = PBXGroup;
			children = (
				515933F31FA570C9002DCB52 /* FXAccountTool.h */,
				515933F41FA570C9002DCB52 /* FXAccountTool.m */,
			);
			path = tool;
			sourceTree = "<group>";
		};
		510A338D1F709B1D00E57EF7 /* Discover */ = {
			isa = PBXGroup;
			children = (
				510A338E1F709B1D00E57EF7 /* controller */,
				510A33911F709B1D00E57EF7 /* model */,
				510A33921F709B1D00E57EF7 /* view */,
			);
			path = Discover;
			sourceTree = "<group>";
		};
		510A338E1F709B1D00E57EF7 /* controller */ = {
			isa = PBXGroup;
			children = (
				510A338F1F709B1D00E57EF7 /* FXDiscoverViewController.h */,
				510A33901F709B1D00E57EF7 /* FXDiscoverViewController.m */,
			);
			path = controller;
			sourceTree = "<group>";
		};
		510A33911F709B1D00E57EF7 /* model */ = {
			isa = PBXGroup;
			children = (
			);
			path = model;
			sourceTree = "<group>";
		};
		510A33921F709B1D00E57EF7 /* view */ = {
			isa = PBXGroup;
			children = (
			);
			path = view;
			sourceTree = "<group>";
		};
		510A33931F709B1D00E57EF7 /* Home */ = {
			isa = PBXGroup;
			children = (
				51769CC61FA7F8D700522A88 /* model */,
				510A33941F709B1D00E57EF7 /* controller */,
				510A33981F709B1D00E57EF7 /* view */,
			);
			path = Home;
			sourceTree = "<group>";
		};
		510A33941F709B1D00E57EF7 /* controller */ = {
			isa = PBXGroup;
			children = (
				510A33951F709B1D00E57EF7 /* FXHomeViewController.h */,
				510A33961F709B1D00E57EF7 /* FXHomeViewController.m */,
			);
			path = controller;
			sourceTree = "<group>";
		};
		510A33981F709B1D00E57EF7 /* view */ = {
			isa = PBXGroup;
			children = (
				51F76F0B1F79FD7100C669A4 /* FXDropdownView.h */,
				51F76F0C1F79FD7100C669A4 /* FXDropdownView.m */,
				511B7B931F8B64D600A1D49F /* FXTabar.h */,
				511B7B941F8B64D600A1D49F /* FXTabar.m */,
			);
			path = view;
			sourceTree = "<group>";
		};
		510A33991F709B1D00E57EF7 /* Main */ = {
			isa = PBXGroup;
			children = (
				510537C31FA404BB00011890 /* lib */,
				51CF49DC1F78FDD00042F082 /* tool */,
				510A33CD1F709E0100E57EF7 /* categary */,
				510A33CE1F709E0100E57EF7 /* controller */,
				510A33D81F709E7F00E57EF7 /* main.m */,
			);
			path = Main;
			sourceTree = "<group>";
		};
		510A33A11F709B1D00E57EF7 /* Message */ = {
			isa = PBXGroup;
			children = (
				510A33A21F709B1D00E57EF7 /* controller */,
				510A33A51F709B1D00E57EF7 /* model */,
				510A33A61F709B1D00E57EF7 /* view */,
			);
			path = Message;
			sourceTree = "<group>";
		};
		510A33A21F709B1D00E57EF7 /* controller */ = {
			isa = PBXGroup;
			children = (
				510A33A31F709B1D00E57EF7 /* FXMessageViewController.h */,
				510A33A41F709B1D00E57EF7 /* FXMessageViewController.m */,
			);
			path = controller;
			sourceTree = "<group>";
		};
		510A33A51F709B1D00E57EF7 /* model */ = {
			isa = PBXGroup;
			children = (
			);
			path = model;
			sourceTree = "<group>";
		};
		510A33A61F709B1D00E57EF7 /* view */ = {
			isa = PBXGroup;
			children = (
			);
			path = view;
			sourceTree = "<group>";
		};
		510A33A71F709B1D00E57EF7 /* Other */ = {
			isa = PBXGroup;
			children = (
			);
			path = Other;
			sourceTree = "<group>";
		};
		510A33A81F709B1D00E57EF7 /* Profile */ = {
			isa = PBXGroup;
			children = (
				510A33A91F709B1D00E57EF7 /* controller */,
				510A33AC1F709B1D00E57EF7 /* model */,
				510A33AD1F709B1D00E57EF7 /* view */,
			);
			path = Profile;
			sourceTree = "<group>";
		};
		510A33A91F709B1D00E57EF7 /* controller */ = {
			isa = PBXGroup;
			children = (
				510A33AA1F709B1D00E57EF7 /* FXProfileViewController.h */,
				510A33AB1F709B1D00E57EF7 /* FXProfileViewController.m */,
			);
			path = controller;
			sourceTree = "<group>";
		};
		510A33AC1F709B1D00E57EF7 /* model */ = {
			isa = PBXGroup;
			children = (
			);
			path = model;
			sourceTree = "<group>";
		};
		510A33AD1F709B1D00E57EF7 /* view */ = {
			isa = PBXGroup;
			children = (
			);
			path = view;
			sourceTree = "<group>";
		};
		510A33AE1F709B1D00E57EF7 /* tem */ = {
			isa = PBXGroup;
			children = (
				510A33AF1F709B1D00E57EF7 /* FXTest1ViewController.h */,
				510A33B01F709B1D00E57EF7 /* FXTest1ViewController.m */,
				510A33B11F709B1D00E57EF7 /* FXTest2ViewController.h */,
				510A33B21F709B1D00E57EF7 /* FXTest2ViewController.m */,
			);
			path = tem;
			sourceTree = "<group>";
		};
		510A33CD1F709E0100E57EF7 /* categary */ = {
			isa = PBXGroup;
			children = (
				515933E11FA554A5002DCB52 /* UIWindow+Extension.h */,
				515933E21FA554A5002DCB52 /* UIWindow+Extension.m */,
				510A33DD1F70B69300E57EF7 /* UIBarButtonItem+Extension.h */,
				510A33DE1F70B69300E57EF7 /* UIBarButtonItem+Extension.m */,
			);
			path = categary;
			sourceTree = "<group>";
		};
		510A33CE1F709E0100E57EF7 /* controller */ = {
			isa = PBXGroup;
			children = (
				510A33D51F709E7500E57EF7 /* AppDelegate.h */,
				510A33D61F709E7500E57EF7 /* AppDelegate.m */,
				510A33CF1F709E0100E57EF7 /* FXNavigationController.h */,
				510A33D01F709E0100E57EF7 /* FXNavigationController.m */,
				510A33D11F709E0100E57EF7 /* FXTaBarController.h */,
				510A33D21F709E0100E57EF7 /* FXTaBarController.m */,
			);
			path = controller;
			sourceTree = "<group>";
		};
		5147A4871F8C520A00B4A982 /* newFeature */ = {
			isa = PBXGroup;
			children = (
				5147A4881F8C520A00B4A982 /* controller */,
				5147A4891F8C520A00B4A982 /* modal */,
				5147A48A1F8C520A00B4A982 /* view */,
			);
			path = newFeature;
			sourceTree = "<group>";
		};
		5147A4881F8C520A00B4A982 /* controller */ = {
			isa = PBXGroup;
			children = (
				5147A48B1F8C541800B4A982 /* FXNewFeatureViewController.h */,
				5147A48C1F8C541800B4A982 /* FXNewFeatureViewController.m */,
			);
			path = controller;
			sourceTree = "<group>";
		};
		5147A4891F8C520A00B4A982 /* modal */ = {
			isa = PBXGroup;
			children = (
			);
			path = modal;
			sourceTree = "<group>";
		};
		5147A48A1F8C520A00B4A982 /* view */ = {
			isa = PBXGroup;
			children = (
			);
			path = view;
			sourceTree = "<group>";
		};
		515933E71FA55F01002DCB52 /* MBProgressHUD */ = {
			isa = PBXGroup;
			children = (
				515933E81FA55F01002DCB52 /* MBProgressHUD+MJ.h */,
				515933E91FA55F01002DCB52 /* MBProgressHUD+MJ.m */,
				515933EA1FA55F01002DCB52 /* MBProgressHUD.bundle */,
				515933EB1FA55F01002DCB52 /* MBProgressHUD.h */,
				515933EC1FA55F01002DCB52 /* MBProgressHUD.m */,
			);
			path = MBProgressHUD;
			sourceTree = "<group>";
		};
		51769CC61FA7F8D700522A88 /* model */ = {
			isa = PBXGroup;
			children = (
				51769CC71FA7F8E800522A88 /* FXStatus.h */,
				51769CC81FA7F8E800522A88 /* FXStatus.m */,
				51769CCA1FA8064800522A88 /* FXUser.h */,
				51769CCB1FA8064800522A88 /* FXUser.m */,
			);
			path = model;
			sourceTree = "<group>";
		};
		51769CCD1FA811C400522A88 /* SDWebImage */ = {
			isa = PBXGroup;
			children = (
				51769CCE1FA811C400522A88 /* MKAnnotationView+WebCache.h */,
				51769CCF1FA811C400522A88 /* MKAnnotationView+WebCache.m */,
				51769CD01FA811C400522A88 /* NSData+ImageContentType.h */,
				51769CD11FA811C400522A88 /* NSData+ImageContentType.m */,
				51769CD21FA811C400522A88 /* SDImageCache.h */,
				51769CD31FA811C400522A88 /* SDImageCache.m */,
				51769CD41FA811C400522A88 /* SDWebImageCompat.h */,
				51769CD51FA811C400522A88 /* SDWebImageCompat.m */,
				51769CD61FA811C400522A88 /* SDWebImageDecoder.h */,
				51769CD71FA811C400522A88 /* SDWebImageDecoder.m */,
				51769CD81FA811C400522A88 /* SDWebImageDownloader.h */,
				51769CD91FA811C400522A88 /* SDWebImageDownloader.m */,
				51769CDA1FA811C400522A88 /* SDWebImageDownloaderOperation.h */,
				51769CDB1FA811C400522A88 /* SDWebImageDownloaderOperation.m */,
				51769CDC1FA811C400522A88 /* SDWebImageManager.h */,
				51769CDD1FA811C400522A88 /* SDWebImageManager.m */,
				51769CDE1FA811C400522A88 /* SDWebImageOperation.h */,
				51769CDF1FA811C400522A88 /* SDWebImagePrefetcher.h */,
				51769CE01FA811C400522A88 /* SDWebImagePrefetcher.m */,
				51769CE11FA811C400522A88 /* UIButton+WebCache.h */,
				51769CE21FA811C400522A88 /* UIButton+WebCache.m */,
				51769CE31FA811C400522A88 /* UIImage+GIF.h */,
				51769CE41FA811C400522A88 /* UIImage+GIF.m */,
				51769CE51FA811C400522A88 /* UIImage+MultiFormat.h */,
				51769CE61FA811C400522A88 /* UIImage+MultiFormat.m */,
				51769CE71FA811C400522A88 /* UIImage+WebP.h */,
				51769CE81FA811C400522A88 /* UIImage+WebP.m */,
				51769CE91FA811C400522A88 /* UIImageView+HighlightedWebCache.h */,
				51769CEA1FA811C400522A88 /* UIImageView+HighlightedWebCache.m */,
				51769CEB1FA811C400522A88 /* UIImageView+WebCache.h */,
				51769CEC1FA811C400522A88 /* UIImageView+WebCache.m */,
				51769CED1FA811C400522A88 /* UIView+WebCacheOperation.h */,
				51769CEE1FA811C400522A88 /* UIView+WebCacheOperation.m */,
			);
			path = SDWebImage;
			sourceTree = "<group>";
		};
		51AE32C91F677A7F00D7CCA1 = {
			isa = PBXGroup;
			children = (
				51AE32D41F677A7F00D7CCA1 /* Fx_WeiBo */,
				51AE32EE1F677A7F00D7CCA1 /* Fx_WeiBoTests */,
				51AE32F91F677A7F00D7CCA1 /* Fx_WeiBoUITests */,
				51AE32D31F677A7F00D7CCA1 /* Products */,
			);
			sourceTree = "<group>";
		};
		51AE32D31F677A7F00D7CCA1 /* Products */ = {
			isa = PBXGroup;
			children = (
				51AE32D21F677A7F00D7CCA1 /* Fx_WeiBo.app */,
				51AE32EB1F677A7F00D7CCA1 /* Fx_WeiBoTests.xctest */,
				51AE32F61F677A7F00D7CCA1 /* Fx_WeiBoUITests.xctest */,
			);
			name = Products;
			sourceTree = "<group>";
		};
		51AE32D41F677A7F00D7CCA1 /* Fx_WeiBo */ = {
			isa = PBXGroup;
			children = (
				51AE33081F677B1F00D7CCA1 /* class */,
				51AE32E11F677A7F00D7CCA1 /* Assets.xcassets */,
				51AE32E31F677A7F00D7CCA1 /* LaunchScreen.storyboard */,
				51AE32E61F677A7F00D7CCA1 /* Info.plist */,
				51AE32D51F677A7F00D7CCA1 /* Supporting Files */,
			);
			path = Fx_WeiBo;
			sourceTree = "<group>";
		};
		51AE32D51F677A7F00D7CCA1 /* Supporting Files */ = {
			isa = PBXGroup;
			children = (
				510A33E01F70BE5600E57EF7 /* Fx_WeiBo_Prefix.pch */,
			);
			name = "Supporting Files";
			sourceTree = "<group>";
		};
		51AE32EE1F677A7F00D7CCA1 /* Fx_WeiBoTests */ = {
			isa = PBXGroup;
			children = (
				51AE32EF1F677A7F00D7CCA1 /* Fx_WeiBoTests.m */,
				51AE32F11F677A7F00D7CCA1 /* Info.plist */,
			);
			path = Fx_WeiBoTests;
			sourceTree = "<group>";
		};
		51AE32F91F677A7F00D7CCA1 /* Fx_WeiBoUITests */ = {
			isa = PBXGroup;
			children = (
				51AE32FA1F677A7F00D7CCA1 /* Fx_WeiBoUITests.m */,
				51AE32FC1F677A7F00D7CCA1 /* Info.plist */,
			);
			path = Fx_WeiBoUITests;
			sourceTree = "<group>";
		};
		51AE33081F677B1F00D7CCA1 /* class */ = {
			isa = PBXGroup;
			children = (
				51E908911F9DD7AA006E0F1A /* OAuth */,
				5147A4871F8C520A00B4A982 /* newFeature */,
				510A338D1F709B1D00E57EF7 /* Discover */,
				510A33931F709B1D00E57EF7 /* Home */,
				510A33991F709B1D00E57EF7 /* Main */,
				510A33A11F709B1D00E57EF7 /* Message */,
				510A33A71F709B1D00E57EF7 /* Other */,
				510A33A81F709B1D00E57EF7 /* Profile */,
				510A33AE1F709B1D00E57EF7 /* tem */,
			);
			path = class;
			sourceTree = "<group>";
		};
		51CF49DC1F78FDD00042F082 /* tool */ = {
			isa = PBXGroup;
			children = (
				511B7B901F8B5D3000A1D49F /* UIView+Extension.h */,
				511B7B911F8B5D3000A1D49F /* UIView+Extension.m */,
				51CF49E91F790A250042F082 /* FXSearchBar.h */,
				51CF49EA1F790A250042F082 /* FXSearchBar.m */,
			);
			path = tool;
			sourceTree = "<group>";
		};
		51E908911F9DD7AA006E0F1A /* OAuth */ = {
			isa = PBXGroup;
			children = (
				510537E11FA4352A00011890 /* tool */,
				51E908921F9DD7AA006E0F1A /* controller */,
				51E908931F9DD7AA006E0F1A /* modal */,
				51E908941F9DD7AA006E0F1A /* view */,
			);
			path = OAuth;
			sourceTree = "<group>";
		};
		51E908921F9DD7AA006E0F1A /* controller */ = {
			isa = PBXGroup;
			children = (
				51E908D41F9DE49D006E0F1A /* FXOauthViewController.h */,
				51E908D51F9DE49D006E0F1A /* FXOauthViewController.m */,
			);
			path = controller;
			sourceTree = "<group>";
		};
		51E908931F9DD7AA006E0F1A /* modal */ = {
			isa = PBXGroup;
			children = (
				515933F01FA563FE002DCB52 /* FXAccount.h */,
				515933F11FA563FE002DCB52 /* FXAccount.m */,
			);
			path = modal;
			sourceTree = "<group>";
		};
		51E908941F9DD7AA006E0F1A /* view */ = {
			isa = PBXGroup;
			children = (
			);
			path = view;
			sourceTree = "<group>";
		};
/* End PBXGroup section */

/* Begin PBXNativeTarget section */
		51AE32D11F677A7F00D7CCA1 /* Fx_WeiBo */ = {
			isa = PBXNativeTarget;
			buildConfigurationList = 51AE32FF1F677A7F00D7CCA1 /* Build configuration list for PBXNativeTarget "Fx_WeiBo" */;
			buildPhases = (
				51AE32CE1F677A7F00D7CCA1 /* Sources */,
				51AE32CF1F677A7F00D7CCA1 /* Frameworks */,
				51AE32D01F677A7F00D7CCA1 /* Resources */,
			);
			buildRules = (
			);
			dependencies = (
			);
			name = Fx_WeiBo;
			productName = Fx_WeiBo;
			productReference = 51AE32D21F677A7F00D7CCA1 /* Fx_WeiBo.app */;
			productType = "com.apple.product-type.application";
		};
		51AE32EA1F677A7F00D7CCA1 /* Fx_WeiBoTests */ = {
			isa = PBXNativeTarget;
			buildConfigurationList = 51AE33021F677A7F00D7CCA1 /* Build configuration list for PBXNativeTarget "Fx_WeiBoTests" */;
			buildPhases = (
				51AE32E71F677A7F00D7CCA1 /* Sources */,
				51AE32E81F677A7F00D7CCA1 /* Frameworks */,
				51AE32E91F677A7F00D7CCA1 /* Resources */,
			);
			buildRules = (
			);
			dependencies = (
				51AE32ED1F677A7F00D7CCA1 /* PBXTargetDependency */,
			);
			name = Fx_WeiBoTests;
			productName = Fx_WeiBoTests;
			productReference = 51AE32EB1F677A7F00D7CCA1 /* Fx_WeiBoTests.xctest */;
			productType = "com.apple.product-type.bundle.unit-test";
		};
		51AE32F51F677A7F00D7CCA1 /* Fx_WeiBoUITests */ = {
			isa = PBXNativeTarget;
			buildConfigurationList = 51AE33051F677A7F00D7CCA1 /* Build configuration list for PBXNativeTarget "Fx_WeiBoUITests" */;
			buildPhases = (
				51AE32F21F677A7F00D7CCA1 /* Sources */,
				51AE32F31F677A7F00D7CCA1 /* Frameworks */,
				51AE32F41F677A7F00D7CCA1 /* Resources */,
			);
			buildRules = (
			);
			dependencies = (
				51AE32F81F677A7F00D7CCA1 /* PBXTargetDependency */,
			);
			name = Fx_WeiBoUITests;
			productName = Fx_WeiBoUITests;
			productReference = 51AE32F61F677A7F00D7CCA1 /* Fx_WeiBoUITests.xctest */;
			productType = "com.apple.product-type.bundle.ui-testing";
		};
/* End PBXNativeTarget section */

/* Begin PBXProject section */
		51AE32CA1F677A7F00D7CCA1 /* Project object */ = {
			isa = PBXProject;
			attributes = {
				CLASSPREFIX = FX;
				LastUpgradeCheck = 0830;
				ORGANIZATIONNAME = FX;
				TargetAttributes = {
					51AE32D11F677A7F00D7CCA1 = {
						CreatedOnToolsVersion = 8.3.3;
						ProvisioningStyle = Automatic;
					};
					51AE32EA1F677A7F00D7CCA1 = {
						CreatedOnToolsVersion = 8.3.3;
						ProvisioningStyle = Automatic;
						TestTargetID = 51AE32D11F677A7F00D7CCA1;
					};
					51AE32F51F677A7F00D7CCA1 = {
						CreatedOnToolsVersion = 8.3.3;
						ProvisioningStyle = Automatic;
						TestTargetID = 51AE32D11F677A7F00D7CCA1;
					};
				};
			};
			buildConfigurationList = 51AE32CD1F677A7F00D7CCA1 /* Build configuration list for PBXProject "Fx_WeiBo" */;
			compatibilityVersion = "Xcode 3.2";
			developmentRegion = English;
			hasScannedForEncodings = 0;
			knownRegions = (
				en,
				Base,
			);
			mainGroup = 51AE32C91F677A7F00D7CCA1;
			productRefGroup = 51AE32D31F677A7F00D7CCA1 /* Products */;
			projectDirPath = "";
			projectRoot = "";
			targets = (
				51AE32D11F677A7F00D7CCA1 /* Fx_WeiBo */,
				51AE32EA1F677A7F00D7CCA1 /* Fx_WeiBoTests */,
				51AE32F51F677A7F00D7CCA1 /* Fx_WeiBoUITests */,
			);
		};
/* End PBXProject section */

/* Begin PBXResourcesBuildPhase section */
		51AE32D01F677A7F00D7CCA1 /* Resources */ = {
			isa = PBXResourcesBuildPhase;
			buildActionMask = 2147483647;
			files = (
				51AE32E51F677A7F00D7CCA1 /* LaunchScreen.storyboard in Resources */,
				51AE32E21F677A7F00D7CCA1 /* Assets.xcassets in Resources */,
				515933EE1FA55F01002DCB52 /* MBProgressHUD.bundle in Resources */,
			);
			runOnlyForDeploymentPostprocessing = 0;
		};
		51AE32E91F677A7F00D7CCA1 /* Resources */ = {
			isa = PBXResourcesBuildPhase;
			buildActionMask = 2147483647;
			files = (
			);
			runOnlyForDeploymentPostprocessing = 0;
		};
		51AE32F41F677A7F00D7CCA1 /* Resources */ = {
			isa = PBXResourcesBuildPhase;
			buildActionMask = 2147483647;
			files = (
			);
			runOnlyForDeploymentPostprocessing = 0;
		};
/* End PBXResourcesBuildPhase section */

/* Begin PBXSourcesBuildPhase section */
		51AE32CE1F677A7F00D7CCA1 /* Sources */ = {
			isa = PBXSourcesBuildPhase;
			buildActionMask = 2147483647;
			files = (
				510537D81FA404BB00011890 /* AFHTTPRequestOperation.m in Sources */,
				515933E31FA554A5002DCB52 /* UIWindow+Extension.m in Sources */,
				510A33DF1F70B69300E57EF7 /* UIBarButtonItem+Extension.m in Sources */,
				51769CF61FA811C400522A88 /* SDWebImageManager.m in Sources */,
				510A33D91F709E7F00E57EF7 /* main.m in Sources */,
				515933ED1FA55F01002DCB52 /* MBProgressHUD+MJ.m in Sources */,
				51E908D61F9DE49D006E0F1A /* FXOauthViewController.m in Sources */,
				51769CFA1FA811C400522A88 /* UIImage+MultiFormat.m in Sources */,
				510A33D41F709E0100E57EF7 /* FXTaBarController.m in Sources */,
				51769CF41FA811C400522A88 /* SDWebImageDownloader.m in Sources */,
				51769CC91FA7F8E800522A88 /* FXStatus.m in Sources */,
				51769CFB1FA811C400522A88 /* UIImage+WebP.m in Sources */,
				510A33BB1F709B1D00E57EF7 /* FXTest1ViewController.m in Sources */,
				515933EF1FA55F01002DCB52 /* MBProgressHUD.m in Sources */,
				511B7B951F8B64D600A1D49F /* FXTabar.m in Sources */,
				510537DA1FA404BB00011890 /* AFHTTPSessionManager.m in Sources */,
				51769CFC1FA811C400522A88 /* UIImageView+HighlightedWebCache.m in Sources */,
				51769CF31FA811C400522A88 /* SDWebImageDecoder.m in Sources */,
				51769CF71FA811C400522A88 /* SDWebImagePrefetcher.m in Sources */,
				51F76F0D1F79FD7100C669A4 /* FXDropdownView.m in Sources */,
				510A33D71F709E7500E57EF7 /* AppDelegate.m in Sources */,
				510537DB1FA404BB00011890 /* AFNetworkReachabilityManager.m in Sources */,
				510537E01FA404BB00011890 /* AFURLSessionManager.m in Sources */,
				510A33D31F709E0100E57EF7 /* FXNavigationController.m in Sources */,
				51CF49EB1F790A250042F082 /* FXSearchBar.m in Sources */,
				51769CF91FA811C400522A88 /* UIImage+GIF.m in Sources */,
				51769CFD1FA811C400522A88 /* UIImageView+WebCache.m in Sources */,
				510537DD1FA404BB00011890 /* AFURLConnectionOperation.m in Sources */,
				51769CF11FA811C400522A88 /* SDImageCache.m in Sources */,
				510537DF1FA404BB00011890 /* AFURLResponseSerialization.m in Sources */,
				510A33BA1F709B1D00E57EF7 /* FXProfileViewController.m in Sources */,
				510537DE1FA404BB00011890 /* AFURLRequestSerialization.m in Sources */,
				5147A48D1F8C541800B4A982 /* FXNewFeatureViewController.m in Sources */,
				51769CF51FA811C400522A88 /* SDWebImageDownloaderOperation.m in Sources */,
				510A33B41F709B1D00E57EF7 /* FXHomeViewController.m in Sources */,
				511B7B921F8B5D3000A1D49F /* UIView+Extension.m in Sources */,
				51769CF21FA811C400522A88 /* SDWebImageCompat.m in Sources */,
				51769CF01FA811C400522A88 /* NSData+ImageContentType.m in Sources */,
				51769CCC1FA8064800522A88 /* FXUser.m in Sources */,
				510A33BC1F709B1D00E57EF7 /* FXTest2ViewController.m in Sources */,
				510A33B91F709B1D00E57EF7 /* FXMessageViewController.m in Sources */,
				51769CF81FA811C400522A88 /* UIButton+WebCache.m in Sources */,
				510537D91FA404BB00011890 /* AFHTTPRequestOperationManager.m in Sources */,
				515933F21FA563FE002DCB52 /* FXAccount.m in Sources */,
				510537DC1FA404BB00011890 /* AFSecurityPolicy.m in Sources */,
				51769CFE1FA811C400522A88 /* UIView+WebCacheOperation.m in Sources */,
				51769CEF1FA811C400522A88 /* MKAnnotationView+WebCache.m in Sources */,
				515933F51FA570C9002DCB52 /* FXAccountTool.m in Sources */,
				510A33B31F709B1D00E57EF7 /* FXDiscoverViewController.m in Sources */,
			);
			runOnlyForDeploymentPostprocessing = 0;
		};
		51AE32E71F677A7F00D7CCA1 /* Sources */ = {
			isa = PBXSourcesBuildPhase;
			buildActionMask = 2147483647;
			files = (
				51AE32F01F677A7F00D7CCA1 /* Fx_WeiBoTests.m in Sources */,
			);
			runOnlyForDeploymentPostprocessing = 0;
		};
		51AE32F21F677A7F00D7CCA1 /* Sources */ = {
			isa = PBXSourcesBuildPhase;
			buildActionMask = 2147483647;
			files = (
				51AE32FB1F677A7F00D7CCA1 /* Fx_WeiBoUITests.m in Sources */,
			);
			runOnlyForDeploymentPostprocessing = 0;
		};
/* End PBXSourcesBuildPhase section */

/* Begin PBXTargetDependency section */
		51AE32ED1F677A7F00D7CCA1 /* PBXTargetDependency */ = {
			isa = PBXTargetDependency;
			target = 51AE32D11F677A7F00D7CCA1 /* Fx_WeiBo */;
			targetProxy = 51AE32EC1F677A7F00D7CCA1 /* PBXContainerItemProxy */;
		};
		51AE32F81F677A7F00D7CCA1 /* PBXTargetDependency */ = {
			isa = PBXTargetDependency;
			target = 51AE32D11F677A7F00D7CCA1 /* Fx_WeiBo */;
			targetProxy = 51AE32F71F677A7F00D7CCA1 /* PBXContainerItemProxy */;
		};
/* End PBXTargetDependency section */

/* Begin PBXVariantGroup section */
		51AE32E31F677A7F00D7CCA1 /* LaunchScreen.storyboard */ = {
			isa = PBXVariantGroup;
			children = (
				51AE32E41F677A7F00D7CCA1 /* Base */,
			);
			name = LaunchScreen.storyboard;
			sourceTree = "<group>";
		};
/* End PBXVariantGroup section */

/* Begin XCBuildConfiguration section */
		51AE32FD1F677A7F00D7CCA1 /* Debug */ = {
			isa = XCBuildConfiguration;
			buildSettings = {
				ALWAYS_SEARCH_USER_PATHS = NO;
				CLANG_ANALYZER_NONNULL = YES;
				CLANG_ANALYZER_NUMBER_OBJECT_CONVERSION = YES_AGGRESSIVE;
				CLANG_CXX_LANGUAGE_STANDARD = "gnu++0x";
				CLANG_CXX_LIBRARY = "libc++";
				CLANG_ENABLE_MODULES = YES;
				CLANG_ENABLE_OBJC_ARC = YES;
				CLANG_WARN_BOOL_CONVERSION = YES;
				CLANG_WARN_CONSTANT_CONVERSION = YES;
				CLANG_WARN_DIRECT_OBJC_ISA_USAGE = YES_ERROR;
				CLANG_WARN_DOCUMENTATION_COMMENTS = YES;
				CLANG_WARN_EMPTY_BODY = YES;
				CLANG_WARN_ENUM_CONVERSION = YES;
				CLANG_WARN_INFINITE_RECURSION = YES;
				CLANG_WARN_INT_CONVERSION = YES;
				CLANG_WARN_OBJC_ROOT_CLASS = YES_ERROR;
				CLANG_WARN_SUSPICIOUS_MOVE = YES;
				CLANG_WARN_UNREACHABLE_CODE = YES;
				CLANG_WARN__DUPLICATE_METHOD_MATCH = YES;
				"CODE_SIGN_IDENTITY[sdk=iphoneos*]" = "iPhone Developer";
				COPY_PHASE_STRIP = NO;
				DEBUG_INFORMATION_FORMAT = dwarf;
				ENABLE_STRICT_OBJC_MSGSEND = YES;
				ENABLE_TESTABILITY = YES;
				GCC_C_LANGUAGE_STANDARD = gnu99;
				GCC_DYNAMIC_NO_PIC = NO;
				GCC_NO_COMMON_BLOCKS = YES;
				GCC_OPTIMIZATION_LEVEL = 0;
				GCC_PREFIX_HEADER = Fx_WeiBo/Fx_WeiBo_Prefix.pch;
				GCC_PREPROCESSOR_DEFINITIONS = (
					"DEBUG=1",
					"$(inherited)",
				);
				GCC_WARN_64_TO_32_BIT_CONVERSION = YES;
				GCC_WARN_ABOUT_RETURN_TYPE = YES_ERROR;
				GCC_WARN_UNDECLARED_SELECTOR = YES;
				GCC_WARN_UNINITIALIZED_AUTOS = YES_AGGRESSIVE;
				GCC_WARN_UNUSED_FUNCTION = YES;
				GCC_WARN_UNUSED_VARIABLE = YES;
				IPHONEOS_DEPLOYMENT_TARGET = 10.3;
				MTL_ENABLE_DEBUG_INFO = YES;
				ONLY_ACTIVE_ARCH = YES;
				SDKROOT = iphoneos;
			};
			name = Debug;
		};
		51AE32FE1F677A7F00D7CCA1 /* Release */ = {
			isa = XCBuildConfiguration;
			buildSettings = {
				ALWAYS_SEARCH_USER_PATHS = NO;
				CLANG_ANALYZER_NONNULL = YES;
				CLANG_ANALYZER_NUMBER_OBJECT_CONVERSION = YES_AGGRESSIVE;
				CLANG_CXX_LANGUAGE_STANDARD = "gnu++0x";
				CLANG_CXX_LIBRARY = "libc++";
				CLANG_ENABLE_MODULES = YES;
				CLANG_ENABLE_OBJC_ARC = YES;
				CLANG_WARN_BOOL_CONVERSION = YES;
				CLANG_WARN_CONSTANT_CONVERSION = YES;
				CLANG_WARN_DIRECT_OBJC_ISA_USAGE = YES_ERROR;
				CLANG_WARN_DOCUMENTATION_COMMENTS = YES;
				CLANG_WARN_EMPTY_BODY = YES;
				CLANG_WARN_ENUM_CONVERSION = YES;
				CLANG_WARN_INFINITE_RECURSION = YES;
				CLANG_WARN_INT_CONVERSION = YES;
				CLANG_WARN_OBJC_ROOT_CLASS = YES_ERROR;
				CLANG_WARN_SUSPICIOUS_MOVE = YES;
				CLANG_WARN_UNREACHABLE_CODE = YES;
				CLANG_WARN__DUPLICATE_METHOD_MATCH = YES;
				"CODE_SIGN_IDENTITY[sdk=iphoneos*]" = "iPhone Developer";
				COPY_PHASE_STRIP = NO;
				DEBUG_INFORMATION_FORMAT = "dwarf-with-dsym";
				ENABLE_NS_ASSERTIONS = NO;
				ENABLE_STRICT_OBJC_MSGSEND = YES;
				GCC_C_LANGUAGE_STANDARD = gnu99;
				GCC_NO_COMMON_BLOCKS = YES;
				GCC_PREFIX_HEADER = Fx_WeiBo/Fx_WeiBo_Prefix.pch;
				GCC_WARN_64_TO_32_BIT_CONVERSION = YES;
				GCC_WARN_ABOUT_RETURN_TYPE = YES_ERROR;
				GCC_WARN_UNDECLARED_SELECTOR = YES;
				GCC_WARN_UNINITIALIZED_AUTOS = YES_AGGRESSIVE;
				GCC_WARN_UNUSED_FUNCTION = YES;
				GCC_WARN_UNUSED_VARIABLE = YES;
				IPHONEOS_DEPLOYMENT_TARGET = 10.3;
				MTL_ENABLE_DEBUG_INFO = NO;
				SDKROOT = iphoneos;
				VALIDATE_PRODUCT = YES;
			};
			name = Release;
		};
		51AE33001F677A7F00D7CCA1 /* Debug */ = {
			isa = XCBuildConfiguration;
			buildSettings = {
				ASSETCATALOG_COMPILER_APPICON_NAME = AppIcon;
				GCC_PRECOMPILE_PREFIX_HEADER = YES;
				INFOPLIST_FILE = Fx_WeiBo/Info.plist;
				IPHONEOS_DEPLOYMENT_TARGET = 10.3;
				LD_RUNPATH_SEARCH_PATHS = "$(inherited) @executable_path/Frameworks";
				PRODUCT_BUNDLE_IDENTIFIER = "-66666.Fx-WeiBo";
				PRODUCT_NAME = "$(TARGET_NAME)";
			};
			name = Debug;
		};
		51AE33011F677A7F00D7CCA1 /* Release */ = {
			isa = XCBuildConfiguration;
			buildSettings = {
				ASSETCATALOG_COMPILER_APPICON_NAME = AppIcon;
				GCC_PRECOMPILE_PREFIX_HEADER = YES;
				INFOPLIST_FILE = Fx_WeiBo/Info.plist;
				IPHONEOS_DEPLOYMENT_TARGET = 10.3;
				LD_RUNPATH_SEARCH_PATHS = "$(inherited) @executable_path/Frameworks";
				PRODUCT_BUNDLE_IDENTIFIER = "-66666.Fx-WeiBo";
				PRODUCT_NAME = "$(TARGET_NAME)";
			};
			name = Release;
		};
		51AE33031F677A7F00D7CCA1 /* Debug */ = {
			isa = XCBuildConfiguration;
			buildSettings = {
				BUNDLE_LOADER = "$(TEST_HOST)";
				INFOPLIST_FILE = Fx_WeiBoTests/Info.plist;
				LD_RUNPATH_SEARCH_PATHS = "$(inherited) @executable_path/Frameworks @loader_path/Frameworks";
				PRODUCT_BUNDLE_IDENTIFIER = "-66666.Fx-WeiBoTests";
				PRODUCT_NAME = "$(TARGET_NAME)";
				TEST_HOST = "$(BUILT_PRODUCTS_DIR)/Fx_WeiBo.app/Fx_WeiBo";
			};
			name = Debug;
		};
		51AE33041F677A7F00D7CCA1 /* Release */ = {
			isa = XCBuildConfiguration;
			buildSettings = {
				BUNDLE_LOADER = "$(TEST_HOST)";
				INFOPLIST_FILE = Fx_WeiBoTests/Info.plist;
				LD_RUNPATH_SEARCH_PATHS = "$(inherited) @executable_path/Frameworks @loader_path/Frameworks";
				PRODUCT_BUNDLE_IDENTIFIER = "-66666.Fx-WeiBoTests";
				PRODUCT_NAME = "$(TARGET_NAME)";
				TEST_HOST = "$(BUILT_PRODUCTS_DIR)/Fx_WeiBo.app/Fx_WeiBo";
			};
			name = Release;
		};
		51AE33061F677A7F00D7CCA1 /* Debug */ = {
			isa = XCBuildConfiguration;
			buildSettings = {
				INFOPLIST_FILE = Fx_WeiBoUITests/Info.plist;
				LD_RUNPATH_SEARCH_PATHS = "$(inherited) @executable_path/Frameworks @loader_path/Frameworks";
				PRODUCT_BUNDLE_IDENTIFIER = "-66666.Fx-WeiBoUITests";
				PRODUCT_NAME = "$(TARGET_NAME)";
				TEST_TARGET_NAME = Fx_WeiBo;
			};
			name = Debug;
		};
		51AE33071F677A7F00D7CCA1 /* Release */ = {
			isa = XCBuildConfiguration;
			buildSettings = {
				INFOPLIST_FILE = Fx_WeiBoUITests/Info.plist;
				LD_RUNPATH_SEARCH_PATHS = "$(inherited) @executable_path/Frameworks @loader_path/Frameworks";
				PRODUCT_BUNDLE_IDENTIFIER = "-66666.Fx-WeiBoUITests";
				PRODUCT_NAME = "$(TARGET_NAME)";
				TEST_TARGET_NAME = Fx_WeiBo;
			};
			name = Release;
		};
/* End XCBuildConfiguration section */

/* Begin XCConfigurationList section */
		51AE32CD1F677A7F00D7CCA1 /* Build configuration list for PBXProject "Fx_WeiBo" */ = {
			isa = XCConfigurationList;
			buildConfigurations = (
				51AE32FD1F677A7F00D7CCA1 /* Debug */,
				51AE32FE1F677A7F00D7CCA1 /* Release */,
			);
			defaultConfigurationIsVisible = 0;
			defaultConfigurationName = Release;
		};
		51AE32FF1F677A7F00D7CCA1 /* Build configuration list for PBXNativeTarget "Fx_WeiBo" */ = {
			isa = XCConfigurationList;
			buildConfigurations = (
				51AE33001F677A7F00D7CCA1 /* Debug */,
				51AE33011F677A7F00D7CCA1 /* Release */,
			);
			defaultConfigurationIsVisible = 0;
			defaultConfigurationName = Release;
		};
		51AE33021F677A7F00D7CCA1 /* Build configuration list for PBXNativeTarget "Fx_WeiBoTests" */ = {
			isa = XCConfigurationList;
			buildConfigurations = (
				51AE33031F677A7F00D7CCA1 /* Debug */,
				51AE33041F677A7F00D7CCA1 /* Release */,
			);
			defaultConfigurationIsVisible = 0;
			defaultConfigurationName = Release;
		};
		51AE33051F677A7F00D7CCA1 /* Build configuration list for PBXNativeTarget "Fx_WeiBoUITests" */ = {
			isa = XCConfigurationList;
			buildConfigurations = (
				51AE33061F677A7F00D7CCA1 /* Debug */,
				51AE33071F677A7F00D7CCA1 /* Release */,
			);
			defaultConfigurationIsVisible = 0;
			defaultConfigurationName = Release;
		};
/* End XCConfigurationList section */
	};
	rootObject = 51AE32CA1F677A7F00D7CCA1 /* Project object */;
}
