// !$*UTF8*$!
{
	archiveVersion = 1;
	classes = {
	};
	objectVersion = 46;
	objects = {

/* Begin PBXBuildFile section */
		516B06901F6776D7001DD205 /* FXDiscoverViewController.m in Sources */ = {isa = PBXBuildFile; fileRef = 516B06871F6776D7001DD205 /* FXDiscoverViewController.m */; };
		516B06911F6776D7001DD205 /* FXHomeViewController.m in Sources */ = {isa = PBXBuildFile; fileRef = 516B06891F6776D7001DD205 /* FXHomeViewController.m */; };
		516B06921F6776D7001DD205 /* FXMessageViewController.m in Sources */ = {isa = PBXBuildFile; fileRef = 516B068B1F6776D7001DD205 /* FXMessageViewController.m */; };
		516B06931F6776D7001DD205 /* FXProfileViewController.m in Sources */ = {isa = PBXBuildFile; fileRef = 516B068D1F6776D7001DD205 /* FXProfileViewController.m */; };
		516B06941F6776D7001DD205 /* FXTaBarController.m in Sources */ = {isa = PBXBuildFile; fileRef = 516B068F1F6776D7001DD205 /* FXTaBarController.m */; };
		51C9FD9D1F668D860079C8F8 /* main.m in Sources */ = {isa = PBXBuildFile; fileRef = 51C9FD9C1F668D860079C8F8 /* main.m */; };
		51C9FDA01F668D860079C8F8 /* AppDelegate.m in Sources */ = {isa = PBXBuildFile; fileRef = 51C9FD9F1F668D860079C8F8 /* AppDelegate.m */; };
		51C9FDA31F668D860079C8F8 /* ViewController.m in Sources */ = {isa = PBXBuildFile; fileRef = 51C9FDA21F668D860079C8F8 /* ViewController.m */; };
		51C9FDA61F668D860079C8F8 /* Main.storyboard in Resources */ = {isa = PBXBuildFile; fileRef = 51C9FDA41F668D860079C8F8 /* Main.storyboard */; };
		51C9FDA81F668D860079C8F8 /* Assets.xcassets in Resources */ = {isa = PBXBuildFile; fileRef = 51C9FDA71F668D860079C8F8 /* Assets.xcassets */; };
		51C9FDAB1F668D860079C8F8 /* LaunchScreen.storyboard in Resources */ = {isa = PBXBuildFile; fileRef = 51C9FDA91F668D860079C8F8 /* LaunchScreen.storyboard */; };
		51C9FDB61F668D870079C8F8 /* FX_WBTests.m in Sources */ = {isa = PBXBuildFile; fileRef = 51C9FDB51F668D870079C8F8 /* FX_WBTests.m */; };
		51C9FDC11F668D870079C8F8 /* FX_WBUITests.m in Sources */ = {isa = PBXBuildFile; fileRef = 51C9FDC01F668D870079C8F8 /* FX_WBUITests.m */; };
/* End PBXBuildFile section */

/* Begin PBXContainerItemProxy section */
		51C9FDB21F668D860079C8F8 /* PBXContainerItemProxy */ = {
			isa = PBXContainerItemProxy;
			containerPortal = 51C9FD901F668D860079C8F8 /* Project object */;
			proxyType = 1;
			remoteGlobalIDString = 51C9FD971F668D860079C8F8;
			remoteInfo = FX_WB;
		};
		51C9FDBD1F668D870079C8F8 /* PBXContainerItemProxy */ = {
			isa = PBXContainerItemProxy;
			containerPortal = 51C9FD901F668D860079C8F8 /* Project object */;
			proxyType = 1;
			remoteGlobalIDString = 51C9FD971F668D860079C8F8;
			remoteInfo = FX_WB;
		};
/* End PBXContainerItemProxy section */

/* Begin PBXFileReference section */
		516B06861F6776D7001DD205 /* FXDiscoverViewController.h */ = {isa = PBXFileReference; fileEncoding = 4; lastKnownFileType = sourcecode.c.h; path = FXDiscoverViewController.h; sourceTree = "<group>"; };
		516B06871F6776D7001DD205 /* FXDiscoverViewController.m */ = {isa = PBXFileReference; fileEncoding = 4; lastKnownFileType = sourcecode.c.objc; path = FXDiscoverViewController.m; sourceTree = "<group>"; };
		516B06881F6776D7001DD205 /* FXHomeViewController.h */ = {isa = PBXFileReference; fileEncoding = 4; lastKnownFileType = sourcecode.c.h; path = FXHomeViewController.h; sourceTree = "<group>"; };
		516B06891F6776D7001DD205 /* FXHomeViewController.m */ = {isa = PBXFileReference; fileEncoding = 4; lastKnownFileType = sourcecode.c.objc; path = FXHomeViewController.m; sourceTree = "<group>"; };
		516B068A1F6776D7001DD205 /* FXMessageViewController.h */ = {isa = PBXFileReference; fileEncoding = 4; lastKnownFileType = sourcecode.c.h; path = FXMessageViewController.h; sourceTree = "<group>"; };
		516B068B1F6776D7001DD205 /* FXMessageViewController.m */ = {isa = PBXFileReference; fileEncoding = 4; lastKnownFileType = sourcecode.c.objc; path = FXMessageViewController.m; sourceTree = "<group>"; };
		516B068C1F6776D7001DD205 /* FXProfileViewController.h */ = {isa = PBXFileReference; fileEncoding = 4; lastKnownFileType = sourcecode.c.h; path = FXProfileViewController.h; sourceTree = "<group>"; };
		516B068D1F6776D7001DD205 /* FXProfileViewController.m */ = {isa = PBXFileReference; fileEncoding = 4; lastKnownFileType = sourcecode.c.objc; path = FXProfileViewController.m; sourceTree = "<group>"; };
		516B068E1F6776D7001DD205 /* FXTaBarController.h */ = {isa = PBXFileReference; fileEncoding = 4; lastKnownFileType = sourcecode.c.h; path = FXTaBarController.h; sourceTree = "<group>"; };
		516B068F1F6776D7001DD205 /* FXTaBarController.m */ = {isa = PBXFileReference; fileEncoding = 4; lastKnownFileType = sourcecode.c.objc; path = FXTaBarController.m; sourceTree = "<group>"; };
		51C9FD981F668D860079C8F8 /* FX_WB.app */ = {isa = PBXFileReference; explicitFileType = wrapper.application; includeInIndex = 0; path = FX_WB.app; sourceTree = BUILT_PRODUCTS_DIR; };
		51C9FD9C1F668D860079C8F8 /* main.m */ = {isa = PBXFileReference; lastKnownFileType = sourcecode.c.objc; path = main.m; sourceTree = "<group>"; };
		51C9FD9E1F668D860079C8F8 /* AppDelegate.h */ = {isa = PBXFileReference; lastKnownFileType = sourcecode.c.h; path = AppDelegate.h; sourceTree = "<group>"; };
		51C9FD9F1F668D860079C8F8 /* AppDelegate.m */ = {isa = PBXFileReference; lastKnownFileType = sourcecode.c.objc; path = AppDelegate.m; sourceTree = "<group>"; };
		51C9FDA11F668D860079C8F8 /* ViewController.h */ = {isa = PBXFileReference; lastKnownFileType = sourcecode.c.h; path = ViewController.h; sourceTree = "<group>"; };
		51C9FDA21F668D860079C8F8 /* ViewController.m */ = {isa = PBXFileReference; lastKnownFileType = sourcecode.c.objc; path = ViewController.m; sourceTree = "<group>"; };
		51C9FDA51F668D860079C8F8 /* Base */ = {isa = PBXFileReference; lastKnownFileType = file.storyboard; name = Base; path = Base.lproj/Main.storyboard; sourceTree = "<group>"; };
		51C9FDA71F668D860079C8F8 /* Assets.xcassets */ = {isa = PBXFileReference; lastKnownFileType = folder.assetcatalog; path = Assets.xcassets; sourceTree = "<group>"; };
		51C9FDAA1F668D860079C8F8 /* Base */ = {isa = PBXFileReference; lastKnownFileType = file.storyboard; name = Base; path = Base.lproj/LaunchScreen.storyboard; sourceTree = "<group>"; };
		51C9FDAC1F668D860079C8F8 /* Info.plist */ = {isa = PBXFileReference; lastKnownFileType = text.plist.xml; path = Info.plist; sourceTree = "<group>"; };
		51C9FDB11F668D860079C8F8 /* FX_WBTests.xctest */ = {isa = PBXFileReference; explicitFileType = wrapper.cfbundle; includeInIndex = 0; path = FX_WBTests.xctest; sourceTree = BUILT_PRODUCTS_DIR; };
		51C9FDB51F668D870079C8F8 /* FX_WBTests.m */ = {isa = PBXFileReference; lastKnownFileType = sourcecode.c.objc; path = FX_WBTests.m; sourceTree = "<group>"; };
		51C9FDB71F668D870079C8F8 /* Info.plist */ = {isa = PBXFileReference; lastKnownFileType = text.plist.xml; path = Info.plist; sourceTree = "<group>"; };
		51C9FDBC1F668D870079C8F8 /* FX_WBUITests.xctest */ = {isa = PBXFileReference; explicitFileType = wrapper.cfbundle; includeInIndex = 0; path = FX_WBUITests.xctest; sourceTree = BUILT_PRODUCTS_DIR; };
		51C9FDC01F668D870079C8F8 /* FX_WBUITests.m */ = {isa = PBXFileReference; lastKnownFileType = sourcecode.c.objc; path = FX_WBUITests.m; sourceTree = "<group>"; };
		51C9FDC21F668D870079C8F8 /* Info.plist */ = {isa = PBXFileReference; lastKnownFileType = text.plist.xml; path = Info.plist; sourceTree = "<group>"; };
/* End PBXFileReference section */

/* Begin PBXFrameworksBuildPhase section */
		51C9FD951F668D860079C8F8 /* Frameworks */ = {
			isa = PBXFrameworksBuildPhase;
			buildActionMask = 2147483647;
			files = (
			);
			runOnlyForDeploymentPostprocessing = 0;
		};
		51C9FDAE1F668D860079C8F8 /* Frameworks */ = {
			isa = PBXFrameworksBuildPhase;
			buildActionMask = 2147483647;
			files = (
			);
			runOnlyForDeploymentPostprocessing = 0;
		};
		51C9FDB91F668D870079C8F8 /* Frameworks */ = {
			isa = PBXFrameworksBuildPhase;
			buildActionMask = 2147483647;
			files = (
			);
			runOnlyForDeploymentPostprocessing = 0;
		};
/* End PBXFrameworksBuildPhase section */

/* Begin PBXGroup section */
		516B06851F6776D7001DD205 /* class */ = {
			isa = PBXGroup;
			children = (
				516B06861F6776D7001DD205 /* FXDiscoverViewController.h */,
				516B06871F6776D7001DD205 /* FXDiscoverViewController.m */,
				516B06881F6776D7001DD205 /* FXHomeViewController.h */,
				516B06891F6776D7001DD205 /* FXHomeViewController.m */,
				516B068A1F6776D7001DD205 /* FXMessageViewController.h */,
				516B068B1F6776D7001DD205 /* FXMessageViewController.m */,
				516B068C1F6776D7001DD205 /* FXProfileViewController.h */,
				516B068D1F6776D7001DD205 /* FXProfileViewController.m */,
				516B068E1F6776D7001DD205 /* FXTaBarController.h */,
				516B068F1F6776D7001DD205 /* FXTaBarController.m */,
			);
			path = class;
			sourceTree = "<group>";
		};
		51C9FD8F1F668D860079C8F8 = {
			isa = PBXGroup;
			children = (
				51C9FD9A1F668D860079C8F8 /* FX_WB */,
				51C9FDB41F668D860079C8F8 /* FX_WBTests */,
				51C9FDBF1F668D870079C8F8 /* FX_WBUITests */,
				51C9FD991F668D860079C8F8 /* Products */,
			);
			sourceTree = "<group>";
		};
		51C9FD991F668D860079C8F8 /* Products */ = {
			isa = PBXGroup;
			children = (
				51C9FD981F668D860079C8F8 /* FX_WB.app */,
				51C9FDB11F668D860079C8F8 /* FX_WBTests.xctest */,
				51C9FDBC1F668D870079C8F8 /* FX_WBUITests.xctest */,
			);
			name = Products;
			sourceTree = "<group>";
		};
		51C9FD9A1F668D860079C8F8 /* FX_WB */ = {
			isa = PBXGroup;
			children = (
				516B06851F6776D7001DD205 /* class */,
				51C9FD9E1F668D860079C8F8 /* AppDelegate.h */,
				51C9FD9F1F668D860079C8F8 /* AppDelegate.m */,
				51C9FDA11F668D860079C8F8 /* ViewController.h */,
				51C9FDA21F668D860079C8F8 /* ViewController.m */,
				51C9FDA41F668D860079C8F8 /* Main.storyboard */,
				51C9FDA71F668D860079C8F8 /* Assets.xcassets */,
				51C9FDA91F668D860079C8F8 /* LaunchScreen.storyboard */,
				51C9FDAC1F668D860079C8F8 /* Info.plist */,
				51C9FD9B1F668D860079C8F8 /* Supporting Files */,
			);
			path = FX_WB;
			sourceTree = "<group>";
		};
		51C9FD9B1F668D860079C8F8 /* Supporting Files */ = {
			isa = PBXGroup;
			children = (
				51C9FD9C1F668D860079C8F8 /* main.m */,
			);
			name = "Supporting Files";
			sourceTree = "<group>";
		};
		51C9FDB41F668D860079C8F8 /* FX_WBTests */ = {
			isa = PBXGroup;
			children = (
				51C9FDB51F668D870079C8F8 /* FX_WBTests.m */,
				51C9FDB71F668D870079C8F8 /* Info.plist */,
			);
			path = FX_WBTests;
			sourceTree = "<group>";
		};
		51C9FDBF1F668D870079C8F8 /* FX_WBUITests */ = {
			isa = PBXGroup;
			children = (
				51C9FDC01F668D870079C8F8 /* FX_WBUITests.m */,
				51C9FDC21F668D870079C8F8 /* Info.plist */,
			);
			path = FX_WBUITests;
			sourceTree = "<group>";
		};
/* End PBXGroup section */

/* Begin PBXNativeTarget section */
		51C9FD971F668D860079C8F8 /* FX_WB */ = {
			isa = PBXNativeTarget;
			buildConfigurationList = 51C9FDC51F668D870079C8F8 /* Build configuration list for PBXNativeTarget "FX_WB" */;
			buildPhases = (
				51C9FD941F668D860079C8F8 /* Sources */,
				51C9FD951F668D860079C8F8 /* Frameworks */,
				51C9FD961F668D860079C8F8 /* Resources */,
			);
			buildRules = (
			);
			dependencies = (
			);
			name = FX_WB;
			productName = FX_WB;
			productReference = 51C9FD981F668D860079C8F8 /* FX_WB.app */;
			productType = "com.apple.product-type.application";
		};
		51C9FDB01F668D860079C8F8 /* FX_WBTests */ = {
			isa = PBXNativeTarget;
			buildConfigurationList = 51C9FDC81F668D870079C8F8 /* Build configuration list for PBXNativeTarget "FX_WBTests" */;
			buildPhases = (
				51C9FDAD1F668D860079C8F8 /* Sources */,
				51C9FDAE1F668D860079C8F8 /* Frameworks */,
				51C9FDAF1F668D860079C8F8 /* Resources */,
			);
			buildRules = (
			);
			dependencies = (
				51C9FDB31F668D860079C8F8 /* PBXTargetDependency */,
			);
			name = FX_WBTests;
			productName = FX_WBTests;
			productReference = 51C9FDB11F668D860079C8F8 /* FX_WBTests.xctest */;
			productType = "com.apple.product-type.bundle.unit-test";
		};
		51C9FDBB1F668D870079C8F8 /* FX_WBUITests */ = {
			isa = PBXNativeTarget;
			buildConfigurationList = 51C9FDCB1F668D870079C8F8 /* Build configuration list for PBXNativeTarget "FX_WBUITests" */;
			buildPhases = (
				51C9FDB81F668D870079C8F8 /* Sources */,
				51C9FDB91F668D870079C8F8 /* Frameworks */,
				51C9FDBA1F668D870079C8F8 /* Resources */,
			);
			buildRules = (
			);
			dependencies = (
				51C9FDBE1F668D870079C8F8 /* PBXTargetDependency */,
			);
			name = FX_WBUITests;
			productName = FX_WBUITests;
			productReference = 51C9FDBC1F668D870079C8F8 /* FX_WBUITests.xctest */;
			productType = "com.apple.product-type.bundle.ui-testing";
		};
/* End PBXNativeTarget section */

/* Begin PBXProject section */
		51C9FD901F668D860079C8F8 /* Project object */ = {
			isa = PBXProject;
			attributes = {
				CLASSPREFIX = FX;
				LastUpgradeCheck = 0830;
				ORGANIZATIONNAME = FX;
				TargetAttributes = {
					51C9FD971F668D860079C8F8 = {
						CreatedOnToolsVersion = 8.3.3;
						ProvisioningStyle = Automatic;
					};
					51C9FDB01F668D860079C8F8 = {
						CreatedOnToolsVersion = 8.3.3;
						ProvisioningStyle = Automatic;
						TestTargetID = 51C9FD971F668D860079C8F8;
					};
					51C9FDBB1F668D870079C8F8 = {
						CreatedOnToolsVersion = 8.3.3;
						ProvisioningStyle = Automatic;
						TestTargetID = 51C9FD971F668D860079C8F8;
					};
				};
			};
			buildConfigurationList = 51C9FD931F668D860079C8F8 /* Build configuration list for PBXProject "FX_WB" */;
			compatibilityVersion = "Xcode 3.2";
			developmentRegion = English;
			hasScannedForEncodings = 0;
			knownRegions = (
				en,
				Base,
			);
			mainGroup = 51C9FD8F1F668D860079C8F8;
			productRefGroup = 51C9FD991F668D860079C8F8 /* Products */;
			projectDirPath = "";
			projectRoot = "";
			targets = (
				51C9FD971F668D860079C8F8 /* FX_WB */,
				51C9FDB01F668D860079C8F8 /* FX_WBTests */,
				51C9FDBB1F668D870079C8F8 /* FX_WBUITests */,
			);
		};
/* End PBXProject section */

/* Begin PBXResourcesBuildPhase section */
		51C9FD961F668D860079C8F8 /* Resources */ = {
			isa = PBXResourcesBuildPhase;
			buildActionMask = 2147483647;
			files = (
				51C9FDAB1F668D860079C8F8 /* LaunchScreen.storyboard in Resources */,
				51C9FDA81F668D860079C8F8 /* Assets.xcassets in Resources */,
				51C9FDA61F668D860079C8F8 /* Main.storyboard in Resources */,
			);
			runOnlyForDeploymentPostprocessing = 0;
		};
		51C9FDAF1F668D860079C8F8 /* Resources */ = {
			isa = PBXResourcesBuildPhase;
			buildActionMask = 2147483647;
			files = (
			);
			runOnlyForDeploymentPostprocessing = 0;
		};
		51C9FDBA1F668D870079C8F8 /* Resources */ = {
			isa = PBXResourcesBuildPhase;
			buildActionMask = 2147483647;
			files = (
			);
			runOnlyForDeploymentPostprocessing = 0;
		};
/* End PBXResourcesBuildPhase section */

/* Begin PBXSourcesBuildPhase section */
		51C9FD941F668D860079C8F8 /* Sources */ = {
			isa = PBXSourcesBuildPhase;
			buildActionMask = 2147483647;
			files = (
				51C9FDA31F668D860079C8F8 /* ViewController.m in Sources */,
				516B06901F6776D7001DD205 /* FXDiscoverViewController.m in Sources */,
				516B06941F6776D7001DD205 /* FXTaBarController.m in Sources */,
				516B06921F6776D7001DD205 /* FXMessageViewController.m in Sources */,
				516B06911F6776D7001DD205 /* FXHomeViewController.m in Sources */,
				51C9FDA01F668D860079C8F8 /* AppDelegate.m in Sources */,
				516B06931F6776D7001DD205 /* FXProfileViewController.m in Sources */,
				51C9FD9D1F668D860079C8F8 /* main.m in Sources */,
			);
			runOnlyForDeploymentPostprocessing = 0;
		};
		51C9FDAD1F668D860079C8F8 /* Sources */ = {
			isa = PBXSourcesBuildPhase;
			buildActionMask = 2147483647;
			files = (
				51C9FDB61F668D870079C8F8 /* FX_WBTests.m in Sources */,
			);
			runOnlyForDeploymentPostprocessing = 0;
		};
		51C9FDB81F668D870079C8F8 /* Sources */ = {
			isa = PBXSourcesBuildPhase;
			buildActionMask = 2147483647;
			files = (
				51C9FDC11F668D870079C8F8 /* FX_WBUITests.m in Sources */,
			);
			runOnlyForDeploymentPostprocessing = 0;
		};
/* End PBXSourcesBuildPhase section */

/* Begin PBXTargetDependency section */
		51C9FDB31F668D860079C8F8 /* PBXTargetDependency */ = {
			isa = PBXTargetDependency;
			target = 51C9FD971F668D860079C8F8 /* FX_WB */;
			targetProxy = 51C9FDB21F668D860079C8F8 /* PBXContainerItemProxy */;
		};
		51C9FDBE1F668D870079C8F8 /* PBXTargetDependency */ = {
			isa = PBXTargetDependency;
			target = 51C9FD971F668D860079C8F8 /* FX_WB */;
			targetProxy = 51C9FDBD1F668D870079C8F8 /* PBXContainerItemProxy */;
		};
/* End PBXTargetDependency section */

/* Begin PBXVariantGroup section */
		51C9FDA41F668D860079C8F8 /* Main.storyboard */ = {
			isa = PBXVariantGroup;
			children = (
				51C9FDA51F668D860079C8F8 /* Base */,
			);
			name = Main.storyboard;
			sourceTree = "<group>";
		};
		51C9FDA91F668D860079C8F8 /* LaunchScreen.storyboard */ = {
			isa = PBXVariantGroup;
			children = (
				51C9FDAA1F668D860079C8F8 /* Base */,
			);
			name = LaunchScreen.storyboard;
			sourceTree = "<group>";
		};
/* End PBXVariantGroup section */

/* Begin XCBuildConfiguration section */
		51C9FDC31F668D870079C8F8 /* Debug */ = {
			isa = XCBuildConfiguration;
			buildSettings = {
				ALWAYS_SEARCH_USER_PATHS = NO;
				CLANG_ANALYZER_NONNULL = YES;
				CLANG_ANALYZER_NUMBER_OBJECT_CONVERSION = YES_AGGRESSIVE;
				CLANG_CXX_LANGUAGE_STANDARD = "gnu++0x";
				CLANG_CXX_LIBRARY = "libc++";
				CLANG_ENABLE_MODULES = YES;
				CLANG_ENABLE_OBJC_ARC = YES;
				CLANG_WARN_BOOL_CONVERSION = YES;
				CLANG_WARN_CONSTANT_CONVERSION = YES;
				CLANG_WARN_DIRECT_OBJC_ISA_USAGE = YES_ERROR;
				CLANG_WARN_DOCUMENTATION_COMMENTS = YES;
				CLANG_WARN_EMPTY_BODY = YES;
				CLANG_WARN_ENUM_CONVERSION = YES;
				CLANG_WARN_INFINITE_RECURSION = YES;
				CLANG_WARN_INT_CONVERSION = YES;
				CLANG_WARN_OBJC_ROOT_CLASS = YES_ERROR;
				CLANG_WARN_SUSPICIOUS_MOVE = YES;
				CLANG_WARN_UNREACHABLE_CODE = YES;
				CLANG_WARN__DUPLICATE_METHOD_MATCH = YES;
				"CODE_SIGN_IDENTITY[sdk=iphoneos*]" = "iPhone Developer";
				COPY_PHASE_STRIP = NO;
				DEBUG_INFORMATION_FORMAT = dwarf;
				ENABLE_STRICT_OBJC_MSGSEND = YES;
				ENABLE_TESTABILITY = YES;
				GCC_C_LANGUAGE_STANDARD = gnu99;
				GCC_DYNAMIC_NO_PIC = NO;
				GCC_NO_COMMON_BLOCKS = YES;
				GCC_OPTIMIZATION_LEVEL = 0;
				GCC_PREPROCESSOR_DEFINITIONS = (
					"DEBUG=1",
					"$(inherited)",
				);
				GCC_WARN_64_TO_32_BIT_CONVERSION = YES;
				GCC_WARN_ABOUT_RETURN_TYPE = YES_ERROR;
				GCC_WARN_UNDECLARED_SELECTOR = YES;
				GCC_WARN_UNINITIALIZED_AUTOS = YES_AGGRESSIVE;
				GCC_WARN_UNUSED_FUNCTION = YES;
				GCC_WARN_UNUSED_VARIABLE = YES;
				IPHONEOS_DEPLOYMENT_TARGET = 10.3;
				MTL_ENABLE_DEBUG_INFO = YES;
				ONLY_ACTIVE_ARCH = YES;
				SDKROOT = iphoneos;
			};
			name = Debug;
		};
		51C9FDC41F668D870079C8F8 /* Release */ = {
			isa = XCBuildConfiguration;
			buildSettings = {
				ALWAYS_SEARCH_USER_PATHS = NO;
				CLANG_ANALYZER_NONNULL = YES;
				CLANG_ANALYZER_NUMBER_OBJECT_CONVERSION = YES_AGGRESSIVE;
				CLANG_CXX_LANGUAGE_STANDARD = "gnu++0x";
				CLANG_CXX_LIBRARY = "libc++";
				CLANG_ENABLE_MODULES = YES;
				CLANG_ENABLE_OBJC_ARC = YES;
				CLANG_WARN_BOOL_CONVERSION = YES;
				CLANG_WARN_CONSTANT_CONVERSION = YES;
				CLANG_WARN_DIRECT_OBJC_ISA_USAGE = YES_ERROR;
				CLANG_WARN_DOCUMENTATION_COMMENTS = YES;
				CLANG_WARN_EMPTY_BODY = YES;
				CLANG_WARN_ENUM_CONVERSION = YES;
				CLANG_WARN_INFINITE_RECURSION = YES;
				CLANG_WARN_INT_CONVERSION = YES;
				CLANG_WARN_OBJC_ROOT_CLASS = YES_ERROR;
				CLANG_WARN_SUSPICIOUS_MOVE = YES;
				CLANG_WARN_UNREACHABLE_CODE = YES;
				CLANG_WARN__DUPLICATE_METHOD_MATCH = YES;
				"CODE_SIGN_IDENTITY[sdk=iphoneos*]" = "iPhone Developer";
				COPY_PHASE_STRIP = NO;
				DEBUG_INFORMATION_FORMAT = "dwarf-with-dsym";
				ENABLE_NS_ASSERTIONS = NO;
				ENABLE_STRICT_OBJC_MSGSEND = YES;
				GCC_C_LANGUAGE_STANDARD = gnu99;
				GCC_NO_COMMON_BLOCKS = YES;
				GCC_WARN_64_TO_32_BIT_CONVERSION = YES;
				GCC_WARN_ABOUT_RETURN_TYPE = YES_ERROR;
				GCC_WARN_UNDECLARED_SELECTOR = YES;
				GCC_WARN_UNINITIALIZED_AUTOS = YES_AGGRESSIVE;
				GCC_WARN_UNUSED_FUNCTION = YES;
				GCC_WARN_UNUSED_VARIABLE = YES;
				IPHONEOS_DEPLOYMENT_TARGET = 10.3;
				MTL_ENABLE_DEBUG_INFO = NO;
				SDKROOT = iphoneos;
				VALIDATE_PRODUCT = YES;
			};
			name = Release;
		};
		51C9FDC61F668D870079C8F8 /* Debug */ = {
			isa = XCBuildConfiguration;
			buildSettings = {
				ASSETCATALOG_COMPILER_APPICON_NAME = AppIcon;
				INFOPLIST_FILE = FX_WB/Info.plist;
				LD_RUNPATH_SEARCH_PATHS = "$(inherited) @executable_path/Frameworks";
				PRODUCT_BUNDLE_IDENTIFIER = "-66666.FX-WB";
				PRODUCT_NAME = "$(TARGET_NAME)";
			};
			name = Debug;
		};
		51C9FDC71F668D870079C8F8 /* Release */ = {
			isa = XCBuildConfiguration;
			buildSettings = {
				ASSETCATALOG_COMPILER_APPICON_NAME = AppIcon;
				INFOPLIST_FILE = FX_WB/Info.plist;
				LD_RUNPATH_SEARCH_PATHS = "$(inherited) @executable_path/Frameworks";
				PRODUCT_BUNDLE_IDENTIFIER = "-66666.FX-WB";
				PRODUCT_NAME = "$(TARGET_NAME)";
			};
			name = Release;
		};
		51C9FDC91F668D870079C8F8 /* Debug */ = {
			isa = XCBuildConfiguration;
			buildSettings = {
				BUNDLE_LOADER = "$(TEST_HOST)";
				INFOPLIST_FILE = FX_WBTests/Info.plist;
				LD_RUNPATH_SEARCH_PATHS = "$(inherited) @executable_path/Frameworks @loader_path/Frameworks";
				PRODUCT_BUNDLE_IDENTIFIER = "-66666.FX-WBTests";
				PRODUCT_NAME = "$(TARGET_NAME)";
				TEST_HOST = "$(BUILT_PRODUCTS_DIR)/FX_WB.app/FX_WB";
			};
			name = Debug;
		};
		51C9FDCA1F668D870079C8F8 /* Release */ = {
			isa = XCBuildConfiguration;
			buildSettings = {
				BUNDLE_LOADER = "$(TEST_HOST)";
				INFOPLIST_FILE = FX_WBTests/Info.plist;
				LD_RUNPATH_SEARCH_PATHS = "$(inherited) @executable_path/Frameworks @loader_path/Frameworks";
				PRODUCT_BUNDLE_IDENTIFIER = "-66666.FX-WBTests";
				PRODUCT_NAME = "$(TARGET_NAME)";
				TEST_HOST = "$(BUILT_PRODUCTS_DIR)/FX_WB.app/FX_WB";
			};
			name = Release;
		};
		51C9FDCC1F668D870079C8F8 /* Debug */ = {
			isa = XCBuildConfiguration;
			buildSettings = {
				INFOPLIST_FILE = FX_WBUITests/Info.plist;
				LD_RUNPATH_SEARCH_PATHS = "$(inherited) @executable_path/Frameworks @loader_path/Frameworks";
				PRODUCT_BUNDLE_IDENTIFIER = "-66666.FX-WBUITests";
				PRODUCT_NAME = "$(TARGET_NAME)";
				TEST_TARGET_NAME = FX_WB;
			};
			name = Debug;
		};
		51C9FDCD1F668D870079C8F8 /* Release */ = {
			isa = XCBuildConfiguration;
			buildSettings = {
				INFOPLIST_FILE = FX_WBUITests/Info.plist;
				LD_RUNPATH_SEARCH_PATHS = "$(inherited) @executable_path/Frameworks @loader_path/Frameworks";
				PRODUCT_BUNDLE_IDENTIFIER = "-66666.FX-WBUITests";
				PRODUCT_NAME = "$(TARGET_NAME)";
				TEST_TARGET_NAME = FX_WB;
			};
			name = Release;
		};
/* End XCBuildConfiguration section */

/* Begin XCConfigurationList section */
		51C9FD931F668D860079C8F8 /* Build configuration list for PBXProject "FX_WB" */ = {
			isa = XCConfigurationList;
			buildConfigurations = (
				51C9FDC31F668D870079C8F8 /* Debug */,
				51C9FDC41F668D870079C8F8 /* Release */,
			);
			defaultConfigurationIsVisible = 0;
			defaultConfigurationName = Release;
		};
		51C9FDC51F668D870079C8F8 /* Build configuration list for PBXNativeTarget "FX_WB" */ = {
			isa = XCConfigurationList;
			buildConfigurations = (
				51C9FDC61F668D870079C8F8 /* Debug */,
				51C9FDC71F668D870079C8F8 /* Release */,
			);
			defaultConfigurationIsVisible = 0;
			defaultConfigurationName = Release;
		};
		51C9FDC81F668D870079C8F8 /* Build configuration list for PBXNativeTarget "FX_WBTests" */ = {
			isa = XCConfigurationList;
			buildConfigurations = (
				51C9FDC91F668D870079C8F8 /* Debug */,
				51C9FDCA1F668D870079C8F8 /* Release */,
			);
			defaultConfigurationIsVisible = 0;
			defaultConfigurationName = Release;
		};
		51C9FDCB1F668D870079C8F8 /* Build configuration list for PBXNativeTarget "FX_WBUITests" */ = {
			isa = XCConfigurationList;
			buildConfigurations = (
				51C9FDCC1F668D870079C8F8 /* Debug */,
				51C9FDCD1F668D870079C8F8 /* Release */,
			);
			defaultConfigurationIsVisible = 0;
			defaultConfigurationName = Release;
		};
/* End XCConfigurationList section */
	};
	rootObject = 51C9FD901F668D860079C8F8 /* Project object */;
}
